// !$*UTF8*$!
{
	archiveVersion = 1;
	classes = {
	};
	objectVersion = 46;
	objects = {

/* Begin PBXBuildFile section */
		9C39541E16A34F8200C5C8FD /* UIKit.framework in Frameworks */ = {isa = PBXBuildFile; fileRef = 9C39541D16A34F8200C5C8FD /* UIKit.framework */; };
		9C39542016A34F8200C5C8FD /* Foundation.framework in Frameworks */ = {isa = PBXBuildFile; fileRef = 9C39541F16A34F8200C5C8FD /* Foundation.framework */; };
		9C39542216A34F8200C5C8FD /* CoreGraphics.framework in Frameworks */ = {isa = PBXBuildFile; fileRef = 9C39542116A34F8200C5C8FD /* CoreGraphics.framework */; };
		9C39544A16A34FC800C5C8FD /* btnCheck.png in Resources */ = {isa = PBXBuildFile; fileRef = 9C39544416A34FC800C5C8FD /* btnCheck.png */; };
		9C39544B16A34FC800C5C8FD /* btnCheck@2x.png in Resources */ = {isa = PBXBuildFile; fileRef = 9C39544516A34FC800C5C8FD /* btnCheck@2x.png */; };
		9C39544C16A34FC800C5C8FD /* HUD.m in Sources */ = {isa = PBXBuildFile; fileRef = 9C39544716A34FC800C5C8FD /* HUD.m */; };
		9C39544D16A34FC800C5C8FD /* MBProgressHUD.m in Sources */ = {isa = PBXBuildFile; fileRef = 9C39544916A34FC800C5C8FD /* MBProgressHUD.m */; };
		9C39546816A34FF300C5C8FD /* JSONModel.m in Sources */ = {isa = PBXBuildFile; fileRef = 9C39545116A34FF300C5C8FD /* JSONModel.m */; };
		9C39546916A34FF300C5C8FD /* JSONModelArray.m in Sources */ = {isa = PBXBuildFile; fileRef = 9C39545316A34FF300C5C8FD /* JSONModelArray.m */; };
		9C39546A16A34FF300C5C8FD /* JSONModelClassProperty.m in Sources */ = {isa = PBXBuildFile; fileRef = 9C39545516A34FF300C5C8FD /* JSONModelClassProperty.m */; };
		9C39546B16A34FF300C5C8FD /* JSONModelError.m in Sources */ = {isa = PBXBuildFile; fileRef = 9C39545716A34FF300C5C8FD /* JSONModelError.m */; };
		9C39546C16A34FF300C5C8FD /* NSArray+JSONModel.m in Sources */ = {isa = PBXBuildFile; fileRef = 9C39545A16A34FF300C5C8FD /* NSArray+JSONModel.m */; };
		9C39546D16A34FF300C5C8FD /* JSONAPI.m in Sources */ = {isa = PBXBuildFile; fileRef = 9C39545E16A34FF300C5C8FD /* JSONAPI.m */; };
		9C39546E16A34FF300C5C8FD /* JSONHTTPClient.m in Sources */ = {isa = PBXBuildFile; fileRef = 9C39546016A34FF300C5C8FD /* JSONHTTPClient.m */; };
		9C39546F16A34FF300C5C8FD /* JSONModel+networking.m in Sources */ = {isa = PBXBuildFile; fileRef = 9C39546216A34FF300C5C8FD /* JSONModel+networking.m */; };
		9C39547016A34FF300C5C8FD /* JSONKeyMapper.m in Sources */ = {isa = PBXBuildFile; fileRef = 9C39546516A34FF300C5C8FD /* JSONKeyMapper.m */; };
		9C39547116A34FF300C5C8FD /* JSONValueTransformer.m in Sources */ = {isa = PBXBuildFile; fileRef = 9C39546716A34FF300C5C8FD /* JSONValueTransformer.m */; };
		9C39547C16A3554D00C5C8FD /* UsersModel.m in Sources */ = {isa = PBXBuildFile; fileRef = 9C39547B16A3554D00C5C8FD /* UsersModel.m */; };
		9C39547F16A3566A00C5C8FD /* LocationModel.m in Sources */ = {isa = PBXBuildFile; fileRef = 9C39547E16A3566A00C5C8FD /* LocationModel.m */; };
		9C39548216A3581600C5C8FD /* OxwallFeed.m in Sources */ = {isa = PBXBuildFile; fileRef = 9C39548116A3581600C5C8FD /* OxwallFeed.m */; };
		E909C47F17E198EB0058B75A /* MessagesViewController.m in Sources */ = {isa = PBXBuildFile; fileRef = E909C47E17E198EB0058B75A /* MessagesViewController.m */; };
		E909C48B17E199E00058B75A /* NSBubbleData.m in Sources */ = {isa = PBXBuildFile; fileRef = E909C48117E199E00058B75A /* NSBubbleData.m */; };
		E909C48C17E199E00058B75A /* UIBubbleTableView.m in Sources */ = {isa = PBXBuildFile; fileRef = E909C48317E199E00058B75A /* UIBubbleTableView.m */; };
		E909C48D17E199E00058B75A /* UIBubbleTableViewCell.m in Sources */ = {isa = PBXBuildFile; fileRef = E909C48517E199E00058B75A /* UIBubbleTableViewCell.m */; };
		E909C48E17E199E00058B75A /* UIBubbleHeaderTableViewCell.m in Sources */ = {isa = PBXBuildFile; fileRef = E909C48717E199E00058B75A /* UIBubbleHeaderTableViewCell.m */; };
		E909C48F17E199E00058B75A /* UIBubbleTypingTableViewCell.m in Sources */ = {isa = PBXBuildFile; fileRef = E909C48917E199E00058B75A /* UIBubbleTypingTableViewCell.m */; };
		E909C49A17E19B5B0058B75A /* bubbleMine.png in Resources */ = {isa = PBXBuildFile; fileRef = E909C49017E19B5B0058B75A /* bubbleMine.png */; };
		E909C49B17E19B5B0058B75A /* bubbleMine@2x.png in Resources */ = {isa = PBXBuildFile; fileRef = E909C49117E19B5B0058B75A /* bubbleMine@2x.png */; };
		E909C49C17E19B5B0058B75A /* bubbleSomeone.png in Resources */ = {isa = PBXBuildFile; fileRef = E909C49217E19B5B0058B75A /* bubbleSomeone.png */; };
		E909C49D17E19B5B0058B75A /* bubbleSomeone@2x.png in Resources */ = {isa = PBXBuildFile; fileRef = E909C49317E19B5B0058B75A /* bubbleSomeone@2x.png */; };
		E909C49E17E19B5B0058B75A /* missingAvatar.png in Resources */ = {isa = PBXBuildFile; fileRef = E909C49417E19B5B0058B75A /* missingAvatar.png */; };
		E909C49F17E19B5B0058B75A /* missingAvatar@2x.png in Resources */ = {isa = PBXBuildFile; fileRef = E909C49517E19B5B0058B75A /* missingAvatar@2x.png */; };
		E909C4A017E19B5B0058B75A /* typingMine.png in Resources */ = {isa = PBXBuildFile; fileRef = E909C49617E19B5B0058B75A /* typingMine.png */; };
		E909C4A117E19B5B0058B75A /* typingMine@2x.png in Resources */ = {isa = PBXBuildFile; fileRef = E909C49717E19B5B0058B75A /* typingMine@2x.png */; };
		E909C4A217E19B5B0058B75A /* typingSomeone.png in Resources */ = {isa = PBXBuildFile; fileRef = E909C49817E19B5B0058B75A /* typingSomeone.png */; };
		E909C4A317E19B5B0058B75A /* typingSomeone@2x.png in Resources */ = {isa = PBXBuildFile; fileRef = E909C49917E19B5B0058B75A /* typingSomeone@2x.png */; };
		E9477EFD17DF865700A16505 /* AppDelegate.m in Sources */ = {isa = PBXBuildFile; fileRef = E9477EF717DF865600A16505 /* AppDelegate.m */; };
		E9477F0117DF865700A16505 /* DetailViewController.m in Sources */ = {isa = PBXBuildFile; fileRef = E9477EFC17DF865700A16505 /* DetailViewController.m */; };
		E9477F0717DF869600A16505 /* main.m in Sources */ = {isa = PBXBuildFile; fileRef = E9477F0217DF869600A16505 /* main.m */; };
		E9477F0817DF869600A16505 /* MasterViewController.m in Sources */ = {isa = PBXBuildFile; fileRef = E9477F0417DF869600A16505 /* MasterViewController.m */; };
		E9477F0917DF869600A16505 /* Oxwall Messenger-Info.plist in Resources */ = {isa = PBXBuildFile; fileRef = E9477F0517DF869600A16505 /* Oxwall Messenger-Info.plist */; };
		E9477F1317DF872800A16505 /* Default-568h@2x.png in Resources */ = {isa = PBXBuildFile; fileRef = E9477F1017DF872800A16505 /* Default-568h@2x.png */; };
		E9477F1417DF872800A16505 /* Default.png in Resources */ = {isa = PBXBuildFile; fileRef = E9477F1117DF872800A16505 /* Default.png */; };
		E9477F1517DF872800A16505 /* Default@2x.png in Resources */ = {isa = PBXBuildFile; fileRef = E9477F1217DF872800A16505 /* Default@2x.png */; };
		E9477F1917DF889600A16505 /* InfoPlist.strings in Resources */ = {isa = PBXBuildFile; fileRef = E9477F1817DF889600A16505 /* InfoPlist.strings */; };
		E9477F1C17DF8AF200A16505 /* LoginViewController.m in Sources */ = {isa = PBXBuildFile; fileRef = E9477F1B17DF8AF200A16505 /* LoginViewController.m */; };
		E9477F2217DF8E7500A16505 /* MainStoryboard.storyboard in Resources */ = {isa = PBXBuildFile; fileRef = E9477F2117DF8E7500A16505 /* MainStoryboard.storyboard */; };
		E9477F2517DF931800A16505 /* LoginModel.m in Sources */ = {isa = PBXBuildFile; fileRef = E9477F2417DF931800A16505 /* LoginModel.m */; };
		E9477F2E17E043E700A16505 /* DUViewController.m in Sources */ = {isa = PBXBuildFile; fileRef = E9477F2D17E043E600A16505 /* DUViewController.m */; };
		E9477F3417E0720F00A16505 /* uicheckbox_checked.png in Resources */ = {isa = PBXBuildFile; fileRef = E9477F3017E0720F00A16505 /* uicheckbox_checked.png */; };
		E9477F3517E0720F00A16505 /* uicheckbox_checked@2x.png in Resources */ = {isa = PBXBuildFile; fileRef = E9477F3117E0720F00A16505 /* uicheckbox_checked@2x.png */; };
		E9477F3617E0720F00A16505 /* uicheckbox_unchecked.png in Resources */ = {isa = PBXBuildFile; fileRef = E9477F3217E0720F00A16505 /* uicheckbox_unchecked.png */; };
		E9477F3717E0720F00A16505 /* uicheckbox_unchecked@2x.png in Resources */ = {isa = PBXBuildFile; fileRef = E9477F3317E0720F00A16505 /* uicheckbox_unchecked@2x.png */; };
		E9477F3A17E0723000A16505 /* UICheckbox.m in Sources */ = {isa = PBXBuildFile; fileRef = E9477F3917E0722F00A16505 /* UICheckbox.m */; };
		E9477F3D17E0E4D800A16505 /* ConversationsViewController.m in Sources */ = {isa = PBXBuildFile; fileRef = E9477F3C17E0E4D500A16505 /* ConversationsViewController.m */; };
		E9477F4017E0E51700A16505 /* ConversationsModel.m in Sources */ = {isa = PBXBuildFile; fileRef = E9477F3F17E0E51700A16505 /* ConversationsModel.m */; };
		E9477F4317E0F43800A16505 /* ConversationFeed.m in Sources */ = {isa = PBXBuildFile; fileRef = E9477F4217E0F43800A16505 /* ConversationFeed.m */; };
		E9477F4617E10B9F00A16505 /* MessageFeed.m in Sources */ = {isa = PBXBuildFile; fileRef = E9477F4517E10B9C00A16505 /* MessageFeed.m */; };
		E9477F4917E10BC600A16505 /* MessageModel.m in Sources */ = {isa = PBXBuildFile; fileRef = E9477F4817E10BC600A16505 /* MessageModel.m */; };
		E988C40917E6FDEF0053296C /* NUIAppearance.m in Sources */ = {isa = PBXBuildFile; fileRef = E988C39F17E6FDEF0053296C /* NUIAppearance.m */; };
		E988C40A17E6FDEF0053296C /* NUIConverter.m in Sources */ = {isa = PBXBuildFile; fileRef = E988C3A117E6FDEF0053296C /* NUIConverter.m */; };
		E988C40B17E6FDEF0053296C /* NUIFileMonitor.m in Sources */ = {isa = PBXBuildFile; fileRef = E988C3A317E6FDEF0053296C /* NUIFileMonitor.m */; };
		E988C40C17E6FDEF0053296C /* NUIGraphics.m in Sources */ = {isa = PBXBuildFile; fileRef = E988C3A517E6FDEF0053296C /* NUIGraphics.m */; };
		E988C40D17E6FDEF0053296C /* NUIRenderer.m in Sources */ = {isa = PBXBuildFile; fileRef = E988C3A717E6FDEF0053296C /* NUIRenderer.m */; };
		E988C40E17E6FDEF0053296C /* NUISettings.m in Sources */ = {isa = PBXBuildFile; fileRef = E988C3A917E6FDEF0053296C /* NUISettings.m */; };
		E988C40F17E6FDEF0053296C /* NUIStyleParser.m in Sources */ = {isa = PBXBuildFile; fileRef = E988C3AB17E6FDEF0053296C /* NUIStyleParser.m */; };
		E988C41017E6FDEF0053296C /* NUISwizzler.m in Sources */ = {isa = PBXBuildFile; fileRef = E988C3AD17E6FDEF0053296C /* NUISwizzler.m */; };
		E988C41117E6FDEF0053296C /* NUIUtilities.m in Sources */ = {isa = PBXBuildFile; fileRef = E988C3AF17E6FDEF0053296C /* NUIUtilities.m */; };
		E988C41217E6FDEF0053296C /* NUIBarButtonItemRenderer.m in Sources */ = {isa = PBXBuildFile; fileRef = E988C3B217E6FDEF0053296C /* NUIBarButtonItemRenderer.m */; };
		E988C41317E6FDEF0053296C /* NUIButtonRenderer.m in Sources */ = {isa = PBXBuildFile; fileRef = E988C3B417E6FDEF0053296C /* NUIButtonRenderer.m */; };
		E988C41417E6FDEF0053296C /* NUIControlRenderer.m in Sources */ = {isa = PBXBuildFile; fileRef = E988C3B617E6FDEF0053296C /* NUIControlRenderer.m */; };
		E988C41517E6FDEF0053296C /* NUILabelRenderer.m in Sources */ = {isa = PBXBuildFile; fileRef = E988C3B817E6FDEF0053296C /* NUILabelRenderer.m */; };
		E988C41617E6FDEF0053296C /* NUINavigationBarRenderer.m in Sources */ = {isa = PBXBuildFile; fileRef = E988C3BA17E6FDEF0053296C /* NUINavigationBarRenderer.m */; };
		E988C41717E6FDEF0053296C /* NUINavigationItemRenderer.m in Sources */ = {isa = PBXBuildFile; fileRef = E988C3BC17E6FDEF0053296C /* NUINavigationItemRenderer.m */; };
		E988C41817E6FDEF0053296C /* NUIProgressViewRenderer.m in Sources */ = {isa = PBXBuildFile; fileRef = E988C3BE17E6FDEF0053296C /* NUIProgressViewRenderer.m */; };
		E988C41917E6FDEF0053296C /* NUISearchBarRenderer.m in Sources */ = {isa = PBXBuildFile; fileRef = E988C3C017E6FDEF0053296C /* NUISearchBarRenderer.m */; };
		E988C41A17E6FDEF0053296C /* NUISegmentedControlRenderer.m in Sources */ = {isa = PBXBuildFile; fileRef = E988C3C217E6FDEF0053296C /* NUISegmentedControlRenderer.m */; };
		E988C41B17E6FDEF0053296C /* NUISliderRenderer.m in Sources */ = {isa = PBXBuildFile; fileRef = E988C3C417E6FDEF0053296C /* NUISliderRenderer.m */; };
		E988C41C17E6FDEF0053296C /* NUISwitchRenderer.m in Sources */ = {isa = PBXBuildFile; fileRef = E988C3C617E6FDEF0053296C /* NUISwitchRenderer.m */; };
		E988C41D17E6FDEF0053296C /* NUITabBarItemRenderer.m in Sources */ = {isa = PBXBuildFile; fileRef = E988C3C817E6FDEF0053296C /* NUITabBarItemRenderer.m */; };
		E988C41E17E6FDEF0053296C /* NUITabBarRenderer.m in Sources */ = {isa = PBXBuildFile; fileRef = E988C3CA17E6FDEF0053296C /* NUITabBarRenderer.m */; };
		E988C41F17E6FDEF0053296C /* NUITableViewCellRenderer.m in Sources */ = {isa = PBXBuildFile; fileRef = E988C3CC17E6FDEF0053296C /* NUITableViewCellRenderer.m */; };
		E988C42017E6FDEF0053296C /* NUITableViewRenderer.m in Sources */ = {isa = PBXBuildFile; fileRef = E988C3CE17E6FDEF0053296C /* NUITableViewRenderer.m */; };
		E988C42117E6FDEF0053296C /* NUITextFieldRenderer.m in Sources */ = {isa = PBXBuildFile; fileRef = E988C3D017E6FDEF0053296C /* NUITextFieldRenderer.m */; };
		E988C42217E6FDEF0053296C /* NUIToolbarRenderer.m in Sources */ = {isa = PBXBuildFile; fileRef = E988C3D217E6FDEF0053296C /* NUIToolbarRenderer.m */; };
		E988C42317E6FDEF0053296C /* NUIViewRenderer.m in Sources */ = {isa = PBXBuildFile; fileRef = E988C3D417E6FDEF0053296C /* NUIViewRenderer.m */; };
		E988C42417E6FDEF0053296C /* NUIWindowRenderer.m in Sources */ = {isa = PBXBuildFile; fileRef = E988C3D617E6FDEF0053296C /* NUIWindowRenderer.m */; };
		E988C42517E6FDEF0053296C /* NUIStyle.nss in Resources */ = {isa = PBXBuildFile; fileRef = E988C3D717E6FDEF0053296C /* NUIStyle.nss */; };
		E988C42617E6FDEF0053296C /* NUIViewBackground.png in Resources */ = {isa = PBXBuildFile; fileRef = E988C3D917E6FDEF0053296C /* NUIViewBackground.png */; };
		E988C42717E6FDEF0053296C /* Blue.NUI.nss in Resources */ = {isa = PBXBuildFile; fileRef = E988C3DB17E6FDEF0053296C /* Blue.NUI.nss */; };
		E988C42817E6FDEF0053296C /* Default.NUI.nss in Resources */ = {isa = PBXBuildFile; fileRef = E988C3DC17E6FDEF0053296C /* Default.NUI.nss */; };
		E988C42917E6FDEF0053296C /* Googolplex.NUI.nss in Resources */ = {isa = PBXBuildFile; fileRef = E988C3DD17E6FDEF0053296C /* Googolplex.NUI.nss */; };
		E988C42A17E6FDEF0053296C /* Round.NUI.nss in Resources */ = {isa = PBXBuildFile; fileRef = E988C3DE17E6FDEF0053296C /* Round.NUI.nss */; };
		E988C42B17E6FDEF0053296C /* Route.NUI.nss in Resources */ = {isa = PBXBuildFile; fileRef = E988C3DF17E6FDEF0053296C /* Route.NUI.nss */; };
		E988C42C17E6FDEF0053296C /* SkyBlue.NUI.nss in Resources */ = {isa = PBXBuildFile; fileRef = E988C3E017E6FDEF0053296C /* SkyBlue.NUI.nss */; };
		E988C42D17E6FDEF0053296C /* Switchboard.NUI.nss in Resources */ = {isa = PBXBuildFile; fileRef = E988C3E117E6FDEF0053296C /* Switchboard.NUI.nss */; };
		E988C42E17E6FDEF0053296C /* UIBarButtonItem+NUI.m in Sources */ = {isa = PBXBuildFile; fileRef = E988C3E417E6FDEF0053296C /* UIBarButtonItem+NUI.m */; };
		E988C42F17E6FDEF0053296C /* UIButton+NUI.m in Sources */ = {isa = PBXBuildFile; fileRef = E988C3E617E6FDEF0053296C /* UIButton+NUI.m */; };
		E988C43017E6FDEF0053296C /* UIControl+NUI.m in Sources */ = {isa = PBXBuildFile; fileRef = E988C3E817E6FDEF0053296C /* UIControl+NUI.m */; };
		E988C43117E6FDEF0053296C /* UILabel+NUI.m in Sources */ = {isa = PBXBuildFile; fileRef = E988C3EA17E6FDEF0053296C /* UILabel+NUI.m */; };
		E988C43217E6FDEF0053296C /* UINavigationBar+NUI.m in Sources */ = {isa = PBXBuildFile; fileRef = E988C3EC17E6FDEF0053296C /* UINavigationBar+NUI.m */; };
		E988C43317E6FDEF0053296C /* UINavigationItem+NUI.m in Sources */ = {isa = PBXBuildFile; fileRef = E988C3EE17E6FDEF0053296C /* UINavigationItem+NUI.m */; };
		E988C43417E6FDEF0053296C /* UIProgressView+NUI.m in Sources */ = {isa = PBXBuildFile; fileRef = E988C3F017E6FDEF0053296C /* UIProgressView+NUI.m */; };
		E988C43517E6FDEF0053296C /* UISearchBar+NUI.m in Sources */ = {isa = PBXBuildFile; fileRef = E988C3F217E6FDEF0053296C /* UISearchBar+NUI.m */; };
		E988C43617E6FDEF0053296C /* UISegmentedControl+NUI.m in Sources */ = {isa = PBXBuildFile; fileRef = E988C3F417E6FDEF0053296C /* UISegmentedControl+NUI.m */; };
		E988C43717E6FDEF0053296C /* UISlider+NUI.m in Sources */ = {isa = PBXBuildFile; fileRef = E988C3F617E6FDEF0053296C /* UISlider+NUI.m */; };
		E988C43817E6FDEF0053296C /* UISwitch+NUI.m in Sources */ = {isa = PBXBuildFile; fileRef = E988C3F817E6FDEF0053296C /* UISwitch+NUI.m */; };
		E988C43917E6FDEF0053296C /* UITabBar+NUI.m in Sources */ = {isa = PBXBuildFile; fileRef = E988C3FA17E6FDEF0053296C /* UITabBar+NUI.m */; };
		E988C43A17E6FDEF0053296C /* UITabBarItem+NUI.m in Sources */ = {isa = PBXBuildFile; fileRef = E988C3FC17E6FDEF0053296C /* UITabBarItem+NUI.m */; };
		E988C43B17E6FDEF0053296C /* UITableView+NUI.m in Sources */ = {isa = PBXBuildFile; fileRef = E988C3FE17E6FDEF0053296C /* UITableView+NUI.m */; };
		E988C43C17E6FDEF0053296C /* UITableViewCell+NUI.m in Sources */ = {isa = PBXBuildFile; fileRef = E988C40017E6FDEF0053296C /* UITableViewCell+NUI.m */; };
		E988C43D17E6FDEF0053296C /* UITextField+NUI.m in Sources */ = {isa = PBXBuildFile; fileRef = E988C40217E6FDEF0053296C /* UITextField+NUI.m */; };
		E988C43E17E6FDEF0053296C /* UIToolbar+NUI.m in Sources */ = {isa = PBXBuildFile; fileRef = E988C40417E6FDEF0053296C /* UIToolbar+NUI.m */; };
		E988C43F17E6FDEF0053296C /* UIView+NUI.m in Sources */ = {isa = PBXBuildFile; fileRef = E988C40617E6FDEF0053296C /* UIView+NUI.m */; };
		E988C44017E6FDEF0053296C /* UIWindow+NUI.m in Sources */ = {isa = PBXBuildFile; fileRef = E988C40817E6FDEF0053296C /* UIWindow+NUI.m */; };
		E988C44217E6FE6F0053296C /* CoreImage.framework in Frameworks */ = {isa = PBXBuildFile; fileRef = E988C44117E6FE6F0053296C /* CoreImage.framework */; };
		E988C44417E6FE7E0053296C /* QuartzCore.framework in Frameworks */ = {isa = PBXBuildFile; fileRef = E988C44317E6FE7E0053296C /* QuartzCore.framework */; };
/* End PBXBuildFile section */

/* Begin PBXFileReference section */
		9C39541916A34F8200C5C8FD /* Oxwall Messenger.app */ = {isa = PBXFileReference; explicitFileType = wrapper.application; includeInIndex = 0; path = "Oxwall Messenger.app"; sourceTree = BUILT_PRODUCTS_DIR; };
		9C39541D16A34F8200C5C8FD /* UIKit.framework */ = {isa = PBXFileReference; lastKnownFileType = wrapper.framework; name = UIKit.framework; path = System/Library/Frameworks/UIKit.framework; sourceTree = SDKROOT; };
		9C39541F16A34F8200C5C8FD /* Foundation.framework */ = {isa = PBXFileReference; lastKnownFileType = wrapper.framework; name = Foundation.framework; path = System/Library/Frameworks/Foundation.framework; sourceTree = SDKROOT; };
		9C39542116A34F8200C5C8FD /* CoreGraphics.framework */ = {isa = PBXFileReference; lastKnownFileType = wrapper.framework; name = CoreGraphics.framework; path = System/Library/Frameworks/CoreGraphics.framework; sourceTree = SDKROOT; };
		9C39544416A34FC800C5C8FD /* btnCheck.png */ = {isa = PBXFileReference; lastKnownFileType = image.png; path = btnCheck.png; sourceTree = "<group>"; };
		9C39544516A34FC800C5C8FD /* btnCheck@2x.png */ = {isa = PBXFileReference; lastKnownFileType = image.png; path = "btnCheck@2x.png"; sourceTree = "<group>"; };
		9C39544616A34FC800C5C8FD /* HUD.h */ = {isa = PBXFileReference; fileEncoding = 4; lastKnownFileType = sourcecode.c.h; path = HUD.h; sourceTree = "<group>"; };
		9C39544716A34FC800C5C8FD /* HUD.m */ = {isa = PBXFileReference; fileEncoding = 4; lastKnownFileType = sourcecode.c.objc; path = HUD.m; sourceTree = "<group>"; };
		9C39544816A34FC800C5C8FD /* MBProgressHUD.h */ = {isa = PBXFileReference; fileEncoding = 4; lastKnownFileType = sourcecode.c.h; path = MBProgressHUD.h; sourceTree = "<group>"; };
		9C39544916A34FC800C5C8FD /* MBProgressHUD.m */ = {isa = PBXFileReference; fileEncoding = 4; lastKnownFileType = sourcecode.c.objc; path = MBProgressHUD.m; sourceTree = "<group>"; };
		9C39545016A34FF300C5C8FD /* JSONModel.h */ = {isa = PBXFileReference; fileEncoding = 4; lastKnownFileType = sourcecode.c.h; path = JSONModel.h; sourceTree = "<group>"; };
		9C39545116A34FF300C5C8FD /* JSONModel.m */ = {isa = PBXFileReference; fileEncoding = 4; lastKnownFileType = sourcecode.c.objc; path = JSONModel.m; sourceTree = "<group>"; };
		9C39545216A34FF300C5C8FD /* JSONModelArray.h */ = {isa = PBXFileReference; fileEncoding = 4; lastKnownFileType = sourcecode.c.h; path = JSONModelArray.h; sourceTree = "<group>"; };
		9C39545316A34FF300C5C8FD /* JSONModelArray.m */ = {isa = PBXFileReference; fileEncoding = 4; lastKnownFileType = sourcecode.c.objc; path = JSONModelArray.m; sourceTree = "<group>"; };
		9C39545416A34FF300C5C8FD /* JSONModelClassProperty.h */ = {isa = PBXFileReference; fileEncoding = 4; lastKnownFileType = sourcecode.c.h; path = JSONModelClassProperty.h; sourceTree = "<group>"; };
		9C39545516A34FF300C5C8FD /* JSONModelClassProperty.m */ = {isa = PBXFileReference; fileEncoding = 4; lastKnownFileType = sourcecode.c.objc; path = JSONModelClassProperty.m; sourceTree = "<group>"; };
		9C39545616A34FF300C5C8FD /* JSONModelError.h */ = {isa = PBXFileReference; fileEncoding = 4; lastKnownFileType = sourcecode.c.h; path = JSONModelError.h; sourceTree = "<group>"; };
		9C39545716A34FF300C5C8FD /* JSONModelError.m */ = {isa = PBXFileReference; fileEncoding = 4; lastKnownFileType = sourcecode.c.objc; path = JSONModelError.m; sourceTree = "<group>"; };
		9C39545916A34FF300C5C8FD /* NSArray+JSONModel.h */ = {isa = PBXFileReference; fileEncoding = 4; lastKnownFileType = sourcecode.c.h; path = "NSArray+JSONModel.h"; sourceTree = "<group>"; };
		9C39545A16A34FF300C5C8FD /* NSArray+JSONModel.m */ = {isa = PBXFileReference; fileEncoding = 4; lastKnownFileType = sourcecode.c.objc; path = "NSArray+JSONModel.m"; sourceTree = "<group>"; };
		9C39545B16A34FF300C5C8FD /* JSONModelLib.h */ = {isa = PBXFileReference; fileEncoding = 4; lastKnownFileType = sourcecode.c.h; path = JSONModelLib.h; sourceTree = "<group>"; };
		9C39545D16A34FF300C5C8FD /* JSONAPI.h */ = {isa = PBXFileReference; fileEncoding = 4; lastKnownFileType = sourcecode.c.h; path = JSONAPI.h; sourceTree = "<group>"; };
		9C39545E16A34FF300C5C8FD /* JSONAPI.m */ = {isa = PBXFileReference; fileEncoding = 4; lastKnownFileType = sourcecode.c.objc; path = JSONAPI.m; sourceTree = "<group>"; };
		9C39545F16A34FF300C5C8FD /* JSONHTTPClient.h */ = {isa = PBXFileReference; fileEncoding = 4; lastKnownFileType = sourcecode.c.h; path = JSONHTTPClient.h; sourceTree = "<group>"; };
		9C39546016A34FF300C5C8FD /* JSONHTTPClient.m */ = {isa = PBXFileReference; fileEncoding = 4; lastKnownFileType = sourcecode.c.objc; path = JSONHTTPClient.m; sourceTree = "<group>"; };
		9C39546116A34FF300C5C8FD /* JSONModel+networking.h */ = {isa = PBXFileReference; fileEncoding = 4; lastKnownFileType = sourcecode.c.h; path = "JSONModel+networking.h"; sourceTree = "<group>"; };
		9C39546216A34FF300C5C8FD /* JSONModel+networking.m */ = {isa = PBXFileReference; fileEncoding = 4; lastKnownFileType = sourcecode.c.objc; path = "JSONModel+networking.m"; sourceTree = "<group>"; };
		9C39546416A34FF300C5C8FD /* JSONKeyMapper.h */ = {isa = PBXFileReference; fileEncoding = 4; lastKnownFileType = sourcecode.c.h; path = JSONKeyMapper.h; sourceTree = "<group>"; };
		9C39546516A34FF300C5C8FD /* JSONKeyMapper.m */ = {isa = PBXFileReference; fileEncoding = 4; lastKnownFileType = sourcecode.c.objc; path = JSONKeyMapper.m; sourceTree = "<group>"; };
		9C39546616A34FF300C5C8FD /* JSONValueTransformer.h */ = {isa = PBXFileReference; fileEncoding = 4; lastKnownFileType = sourcecode.c.h; path = JSONValueTransformer.h; sourceTree = "<group>"; };
		9C39546716A34FF300C5C8FD /* JSONValueTransformer.m */ = {isa = PBXFileReference; fileEncoding = 4; lastKnownFileType = sourcecode.c.objc; path = JSONValueTransformer.m; sourceTree = "<group>"; };
		9C39547A16A3554D00C5C8FD /* UsersModel.h */ = {isa = PBXFileReference; fileEncoding = 4; lastKnownFileType = sourcecode.c.h; path = UsersModel.h; sourceTree = "<group>"; };
		9C39547B16A3554D00C5C8FD /* UsersModel.m */ = {isa = PBXFileReference; fileEncoding = 4; lastKnownFileType = sourcecode.c.objc; path = UsersModel.m; sourceTree = "<group>"; };
		9C39547D16A3566A00C5C8FD /* LocationModel.h */ = {isa = PBXFileReference; fileEncoding = 4; lastKnownFileType = sourcecode.c.h; path = LocationModel.h; sourceTree = "<group>"; };
		9C39547E16A3566A00C5C8FD /* LocationModel.m */ = {isa = PBXFileReference; fileEncoding = 4; lastKnownFileType = sourcecode.c.objc; path = LocationModel.m; sourceTree = "<group>"; };
		9C39548016A3581600C5C8FD /* OxwallFeed.h */ = {isa = PBXFileReference; fileEncoding = 4; lastKnownFileType = sourcecode.c.h; path = OxwallFeed.h; sourceTree = "<group>"; };
		9C39548116A3581600C5C8FD /* OxwallFeed.m */ = {isa = PBXFileReference; fileEncoding = 4; lastKnownFileType = sourcecode.c.objc; path = OxwallFeed.m; sourceTree = "<group>"; };
		E909C47D17E198EB0058B75A /* MessagesViewController.h */ = {isa = PBXFileReference; fileEncoding = 4; lastKnownFileType = sourcecode.c.h; name = MessagesViewController.h; path = Messenger/MessagesViewController.h; sourceTree = SOURCE_ROOT; };
		E909C47E17E198EB0058B75A /* MessagesViewController.m */ = {isa = PBXFileReference; fileEncoding = 4; lastKnownFileType = sourcecode.c.objc; name = MessagesViewController.m; path = Messenger/MessagesViewController.m; sourceTree = SOURCE_ROOT; };
		E909C48017E199E00058B75A /* NSBubbleData.h */ = {isa = PBXFileReference; fileEncoding = 4; lastKnownFileType = sourcecode.c.h; path = NSBubbleData.h; sourceTree = "<group>"; };
		E909C48117E199E00058B75A /* NSBubbleData.m */ = {isa = PBXFileReference; fileEncoding = 4; lastKnownFileType = sourcecode.c.objc; path = NSBubbleData.m; sourceTree = "<group>"; };
		E909C48217E199E00058B75A /* UIBubbleTableView.h */ = {isa = PBXFileReference; fileEncoding = 4; lastKnownFileType = sourcecode.c.h; path = UIBubbleTableView.h; sourceTree = "<group>"; };
		E909C48317E199E00058B75A /* UIBubbleTableView.m */ = {isa = PBXFileReference; fileEncoding = 4; lastKnownFileType = sourcecode.c.objc; path = UIBubbleTableView.m; sourceTree = "<group>"; };
		E909C48417E199E00058B75A /* UIBubbleTableViewCell.h */ = {isa = PBXFileReference; fileEncoding = 4; lastKnownFileType = sourcecode.c.h; path = UIBubbleTableViewCell.h; sourceTree = "<group>"; };
		E909C48517E199E00058B75A /* UIBubbleTableViewCell.m */ = {isa = PBXFileReference; fileEncoding = 4; lastKnownFileType = sourcecode.c.objc; path = UIBubbleTableViewCell.m; sourceTree = "<group>"; };
		E909C48617E199E00058B75A /* UIBubbleHeaderTableViewCell.h */ = {isa = PBXFileReference; fileEncoding = 4; lastKnownFileType = sourcecode.c.h; path = UIBubbleHeaderTableViewCell.h; sourceTree = "<group>"; };
		E909C48717E199E00058B75A /* UIBubbleHeaderTableViewCell.m */ = {isa = PBXFileReference; fileEncoding = 4; lastKnownFileType = sourcecode.c.objc; path = UIBubbleHeaderTableViewCell.m; sourceTree = "<group>"; };
		E909C48817E199E00058B75A /* UIBubbleTypingTableViewCell.h */ = {isa = PBXFileReference; fileEncoding = 4; lastKnownFileType = sourcecode.c.h; path = UIBubbleTypingTableViewCell.h; sourceTree = "<group>"; };
		E909C48917E199E00058B75A /* UIBubbleTypingTableViewCell.m */ = {isa = PBXFileReference; fileEncoding = 4; lastKnownFileType = sourcecode.c.objc; path = UIBubbleTypingTableViewCell.m; sourceTree = "<group>"; };
		E909C48A17E199E00058B75A /* UIBubbleTableViewDataSource.h */ = {isa = PBXFileReference; fileEncoding = 4; lastKnownFileType = sourcecode.c.h; path = UIBubbleTableViewDataSource.h; sourceTree = "<group>"; };
		E909C49017E19B5B0058B75A /* bubbleMine.png */ = {isa = PBXFileReference; lastKnownFileType = image.png; path = bubbleMine.png; sourceTree = "<group>"; };
		E909C49117E19B5B0058B75A /* bubbleMine@2x.png */ = {isa = PBXFileReference; lastKnownFileType = image.png; path = "bubbleMine@2x.png"; sourceTree = "<group>"; };
		E909C49217E19B5B0058B75A /* bubbleSomeone.png */ = {isa = PBXFileReference; lastKnownFileType = image.png; path = bubbleSomeone.png; sourceTree = "<group>"; };
		E909C49317E19B5B0058B75A /* bubbleSomeone@2x.png */ = {isa = PBXFileReference; lastKnownFileType = image.png; path = "bubbleSomeone@2x.png"; sourceTree = "<group>"; };
		E909C49417E19B5B0058B75A /* missingAvatar.png */ = {isa = PBXFileReference; lastKnownFileType = image.png; path = missingAvatar.png; sourceTree = "<group>"; };
		E909C49517E19B5B0058B75A /* missingAvatar@2x.png */ = {isa = PBXFileReference; lastKnownFileType = image.png; path = "missingAvatar@2x.png"; sourceTree = "<group>"; };
		E909C49617E19B5B0058B75A /* typingMine.png */ = {isa = PBXFileReference; lastKnownFileType = image.png; path = typingMine.png; sourceTree = "<group>"; };
		E909C49717E19B5B0058B75A /* typingMine@2x.png */ = {isa = PBXFileReference; lastKnownFileType = image.png; path = "typingMine@2x.png"; sourceTree = "<group>"; };
		E909C49817E19B5B0058B75A /* typingSomeone.png */ = {isa = PBXFileReference; lastKnownFileType = image.png; path = typingSomeone.png; sourceTree = "<group>"; };
		E909C49917E19B5B0058B75A /* typingSomeone@2x.png */ = {isa = PBXFileReference; lastKnownFileType = image.png; path = "typingSomeone@2x.png"; sourceTree = "<group>"; };
		E9477EF617DF865600A16505 /* AppDelegate.h */ = {isa = PBXFileReference; fileEncoding = 4; lastKnownFileType = sourcecode.c.h; name = AppDelegate.h; path = Messenger/AppDelegate.h; sourceTree = SOURCE_ROOT; };
		E9477EF717DF865600A16505 /* AppDelegate.m */ = {isa = PBXFileReference; fileEncoding = 4; lastKnownFileType = sourcecode.c.objc; name = AppDelegate.m; path = Messenger/AppDelegate.m; sourceTree = SOURCE_ROOT; };
		E9477EFB17DF865700A16505 /* DetailViewController.h */ = {isa = PBXFileReference; fileEncoding = 4; lastKnownFileType = sourcecode.c.h; name = DetailViewController.h; path = Messenger/DetailViewController.h; sourceTree = SOURCE_ROOT; };
		E9477EFC17DF865700A16505 /* DetailViewController.m */ = {isa = PBXFileReference; fileEncoding = 4; lastKnownFileType = sourcecode.c.objc; name = DetailViewController.m; path = Messenger/DetailViewController.m; sourceTree = SOURCE_ROOT; };
		E9477F0217DF869600A16505 /* main.m */ = {isa = PBXFileReference; fileEncoding = 4; lastKnownFileType = sourcecode.c.objc; name = main.m; path = Messenger/main.m; sourceTree = SOURCE_ROOT; };
		E9477F0317DF869600A16505 /* MasterViewController.h */ = {isa = PBXFileReference; fileEncoding = 4; lastKnownFileType = sourcecode.c.h; name = MasterViewController.h; path = Messenger/MasterViewController.h; sourceTree = SOURCE_ROOT; };
		E9477F0417DF869600A16505 /* MasterViewController.m */ = {isa = PBXFileReference; fileEncoding = 4; lastKnownFileType = sourcecode.c.objc; name = MasterViewController.m; path = Messenger/MasterViewController.m; sourceTree = SOURCE_ROOT; };
		E9477F0517DF869600A16505 /* Oxwall Messenger-Info.plist */ = {isa = PBXFileReference; fileEncoding = 4; lastKnownFileType = text.plist.xml; name = "Oxwall Messenger-Info.plist"; path = "Messenger/Oxwall Messenger-Info.plist"; sourceTree = SOURCE_ROOT; };
		E9477F0617DF869600A16505 /* Oxwall Messenger-Prefix.pch */ = {isa = PBXFileReference; fileEncoding = 4; lastKnownFileType = sourcecode.c.h; name = "Oxwall Messenger-Prefix.pch"; path = "Messenger/Oxwall Messenger-Prefix.pch"; sourceTree = SOURCE_ROOT; };
		E9477F1017DF872800A16505 /* Default-568h@2x.png */ = {isa = PBXFileReference; lastKnownFileType = image.png; name = "Default-568h@2x.png"; path = "Messenger/Default-568h@2x.png"; sourceTree = SOURCE_ROOT; };
		E9477F1117DF872800A16505 /* Default.png */ = {isa = PBXFileReference; lastKnownFileType = image.png; name = Default.png; path = Messenger/Default.png; sourceTree = SOURCE_ROOT; };
		E9477F1217DF872800A16505 /* Default@2x.png */ = {isa = PBXFileReference; lastKnownFileType = image.png; name = "Default@2x.png"; path = "Messenger/Default@2x.png"; sourceTree = SOURCE_ROOT; };
		E9477F1817DF889600A16505 /* InfoPlist.strings */ = {isa = PBXFileReference; fileEncoding = 4; lastKnownFileType = text.plist.strings; name = InfoPlist.strings; path = Messenger/InfoPlist.strings; sourceTree = SOURCE_ROOT; };
		E9477F1A17DF8AF100A16505 /* LoginViewController.h */ = {isa = PBXFileReference; fileEncoding = 4; lastKnownFileType = sourcecode.c.h; name = LoginViewController.h; path = Messenger/LoginViewController.h; sourceTree = SOURCE_ROOT; };
		E9477F1B17DF8AF200A16505 /* LoginViewController.m */ = {isa = PBXFileReference; fileEncoding = 4; lastKnownFileType = sourcecode.c.objc; name = LoginViewController.m; path = Messenger/LoginViewController.m; sourceTree = SOURCE_ROOT; };
		E9477F2117DF8E7500A16505 /* MainStoryboard.storyboard */ = {isa = PBXFileReference; fileEncoding = 4; lastKnownFileType = file.storyboard; path = MainStoryboard.storyboard; sourceTree = SOURCE_ROOT; };
		E9477F2317DF931800A16505 /* LoginModel.h */ = {isa = PBXFileReference; fileEncoding = 4; lastKnownFileType = sourcecode.c.h; name = LoginModel.h; path = Messenger/LoginModel.h; sourceTree = "<group>"; };
		E9477F2417DF931800A16505 /* LoginModel.m */ = {isa = PBXFileReference; fileEncoding = 4; lastKnownFileType = sourcecode.c.objc; name = LoginModel.m; path = Messenger/LoginModel.m; sourceTree = "<group>"; };
		E9477F2C17E043E500A16505 /* DUViewController.h */ = {isa = PBXFileReference; fileEncoding = 4; lastKnownFileType = sourcecode.c.h; name = DUViewController.h; path = Messenger/DUViewController.h; sourceTree = SOURCE_ROOT; };
		E9477F2D17E043E600A16505 /* DUViewController.m */ = {isa = PBXFileReference; fileEncoding = 4; lastKnownFileType = sourcecode.c.objc; name = DUViewController.m; path = Messenger/DUViewController.m; sourceTree = SOURCE_ROOT; };
		E9477F3017E0720F00A16505 /* uicheckbox_checked.png */ = {isa = PBXFileReference; lastKnownFileType = image.png; path = uicheckbox_checked.png; sourceTree = "<group>"; };
		E9477F3117E0720F00A16505 /* uicheckbox_checked@2x.png */ = {isa = PBXFileReference; lastKnownFileType = image.png; path = "uicheckbox_checked@2x.png"; sourceTree = "<group>"; };
		E9477F3217E0720F00A16505 /* uicheckbox_unchecked.png */ = {isa = PBXFileReference; lastKnownFileType = image.png; path = uicheckbox_unchecked.png; sourceTree = "<group>"; };
		E9477F3317E0720F00A16505 /* uicheckbox_unchecked@2x.png */ = {isa = PBXFileReference; lastKnownFileType = image.png; path = "uicheckbox_unchecked@2x.png"; sourceTree = "<group>"; };
		E9477F3817E0722F00A16505 /* UICheckbox.h */ = {isa = PBXFileReference; fileEncoding = 4; lastKnownFileType = sourcecode.c.h; path = UICheckbox.h; sourceTree = SOURCE_ROOT; };
		E9477F3917E0722F00A16505 /* UICheckbox.m */ = {isa = PBXFileReference; fileEncoding = 4; lastKnownFileType = sourcecode.c.objc; path = UICheckbox.m; sourceTree = SOURCE_ROOT; };
		E9477F3B17E0E4CF00A16505 /* ConversationsViewController.h */ = {isa = PBXFileReference; fileEncoding = 4; lastKnownFileType = sourcecode.c.h; name = ConversationsViewController.h; path = Messenger/ConversationsViewController.h; sourceTree = SOURCE_ROOT; };
		E9477F3C17E0E4D500A16505 /* ConversationsViewController.m */ = {isa = PBXFileReference; fileEncoding = 4; lastKnownFileType = sourcecode.c.objc; name = ConversationsViewController.m; path = Messenger/ConversationsViewController.m; sourceTree = SOURCE_ROOT; };
		E9477F3E17E0E51700A16505 /* ConversationsModel.h */ = {isa = PBXFileReference; fileEncoding = 4; lastKnownFileType = sourcecode.c.h; name = ConversationsModel.h; path = Messenger/ConversationsModel.h; sourceTree = "<group>"; };
		E9477F3F17E0E51700A16505 /* ConversationsModel.m */ = {isa = PBXFileReference; fileEncoding = 4; lastKnownFileType = sourcecode.c.objc; name = ConversationsModel.m; path = Messenger/ConversationsModel.m; sourceTree = "<group>"; };
		E9477F4117E0F43800A16505 /* ConversationFeed.h */ = {isa = PBXFileReference; fileEncoding = 4; lastKnownFileType = sourcecode.c.h; name = ConversationFeed.h; path = Messenger/ConversationFeed.h; sourceTree = "<group>"; };
		E9477F4217E0F43800A16505 /* ConversationFeed.m */ = {isa = PBXFileReference; fileEncoding = 4; lastKnownFileType = sourcecode.c.objc; name = ConversationFeed.m; path = Messenger/ConversationFeed.m; sourceTree = "<group>"; };
		E9477F4417E10B9A00A16505 /* MessageFeed.h */ = {isa = PBXFileReference; fileEncoding = 4; lastKnownFileType = sourcecode.c.h; name = MessageFeed.h; path = Messenger/MessageFeed.h; sourceTree = "<group>"; };
		E9477F4517E10B9C00A16505 /* MessageFeed.m */ = {isa = PBXFileReference; fileEncoding = 4; lastKnownFileType = sourcecode.c.objc; name = MessageFeed.m; path = Messenger/MessageFeed.m; sourceTree = "<group>"; };
		E9477F4717E10BC500A16505 /* MessageModel.h */ = {isa = PBXFileReference; fileEncoding = 4; lastKnownFileType = sourcecode.c.h; name = MessageModel.h; path = Messenger/MessageModel.h; sourceTree = "<group>"; };
		E9477F4817E10BC600A16505 /* MessageModel.m */ = {isa = PBXFileReference; fileEncoding = 4; lastKnownFileType = sourcecode.c.objc; name = MessageModel.m; path = Messenger/MessageModel.m; sourceTree = "<group>"; };
		E988C39E17E6FDEF0053296C /* NUIAppearance.h */ = {isa = PBXFileReference; fileEncoding = 4; lastKnownFileType = sourcecode.c.h; path = NUIAppearance.h; sourceTree = "<group>"; };
		E988C39F17E6FDEF0053296C /* NUIAppearance.m */ = {isa = PBXFileReference; fileEncoding = 4; lastKnownFileType = sourcecode.c.objc; path = NUIAppearance.m; sourceTree = "<group>"; };
		E988C3A017E6FDEF0053296C /* NUIConverter.h */ = {isa = PBXFileReference; fileEncoding = 4; lastKnownFileType = sourcecode.c.h; path = NUIConverter.h; sourceTree = "<group>"; };
		E988C3A117E6FDEF0053296C /* NUIConverter.m */ = {isa = PBXFileReference; fileEncoding = 4; lastKnownFileType = sourcecode.c.objc; path = NUIConverter.m; sourceTree = "<group>"; };
		E988C3A217E6FDEF0053296C /* NUIFileMonitor.h */ = {isa = PBXFileReference; fileEncoding = 4; lastKnownFileType = sourcecode.c.h; path = NUIFileMonitor.h; sourceTree = "<group>"; };
		E988C3A317E6FDEF0053296C /* NUIFileMonitor.m */ = {isa = PBXFileReference; fileEncoding = 4; lastKnownFileType = sourcecode.c.objc; path = NUIFileMonitor.m; sourceTree = "<group>"; };
		E988C3A417E6FDEF0053296C /* NUIGraphics.h */ = {isa = PBXFileReference; fileEncoding = 4; lastKnownFileType = sourcecode.c.h; path = NUIGraphics.h; sourceTree = "<group>"; };
		E988C3A517E6FDEF0053296C /* NUIGraphics.m */ = {isa = PBXFileReference; fileEncoding = 4; lastKnownFileType = sourcecode.c.objc; path = NUIGraphics.m; sourceTree = "<group>"; };
		E988C3A617E6FDEF0053296C /* NUIRenderer.h */ = {isa = PBXFileReference; fileEncoding = 4; lastKnownFileType = sourcecode.c.h; path = NUIRenderer.h; sourceTree = "<group>"; };
		E988C3A717E6FDEF0053296C /* NUIRenderer.m */ = {isa = PBXFileReference; fileEncoding = 4; lastKnownFileType = sourcecode.c.objc; path = NUIRenderer.m; sourceTree = "<group>"; };
		E988C3A817E6FDEF0053296C /* NUISettings.h */ = {isa = PBXFileReference; fileEncoding = 4; lastKnownFileType = sourcecode.c.h; path = NUISettings.h; sourceTree = "<group>"; };
		E988C3A917E6FDEF0053296C /* NUISettings.m */ = {isa = PBXFileReference; fileEncoding = 4; lastKnownFileType = sourcecode.c.objc; path = NUISettings.m; sourceTree = "<group>"; };
		E988C3AA17E6FDEF0053296C /* NUIStyleParser.h */ = {isa = PBXFileReference; fileEncoding = 4; lastKnownFileType = sourcecode.c.h; path = NUIStyleParser.h; sourceTree = "<group>"; };
		E988C3AB17E6FDEF0053296C /* NUIStyleParser.m */ = {isa = PBXFileReference; fileEncoding = 4; lastKnownFileType = sourcecode.c.objc; path = NUIStyleParser.m; sourceTree = "<group>"; };
		E988C3AC17E6FDEF0053296C /* NUISwizzler.h */ = {isa = PBXFileReference; fileEncoding = 4; lastKnownFileType = sourcecode.c.h; path = NUISwizzler.h; sourceTree = "<group>"; };
		E988C3AD17E6FDEF0053296C /* NUISwizzler.m */ = {isa = PBXFileReference; fileEncoding = 4; lastKnownFileType = sourcecode.c.objc; path = NUISwizzler.m; sourceTree = "<group>"; };
		E988C3AE17E6FDEF0053296C /* NUIUtilities.h */ = {isa = PBXFileReference; fileEncoding = 4; lastKnownFileType = sourcecode.c.h; path = NUIUtilities.h; sourceTree = "<group>"; };
		E988C3AF17E6FDEF0053296C /* NUIUtilities.m */ = {isa = PBXFileReference; fileEncoding = 4; lastKnownFileType = sourcecode.c.objc; path = NUIUtilities.m; sourceTree = "<group>"; };
		E988C3B117E6FDEF0053296C /* NUIBarButtonItemRenderer.h */ = {isa = PBXFileReference; fileEncoding = 4; lastKnownFileType = sourcecode.c.h; path = NUIBarButtonItemRenderer.h; sourceTree = "<group>"; };
		E988C3B217E6FDEF0053296C /* NUIBarButtonItemRenderer.m */ = {isa = PBXFileReference; fileEncoding = 4; lastKnownFileType = sourcecode.c.objc; path = NUIBarButtonItemRenderer.m; sourceTree = "<group>"; };
		E988C3B317E6FDEF0053296C /* NUIButtonRenderer.h */ = {isa = PBXFileReference; fileEncoding = 4; lastKnownFileType = sourcecode.c.h; path = NUIButtonRenderer.h; sourceTree = "<group>"; };
		E988C3B417E6FDEF0053296C /* NUIButtonRenderer.m */ = {isa = PBXFileReference; fileEncoding = 4; lastKnownFileType = sourcecode.c.objc; path = NUIButtonRenderer.m; sourceTree = "<group>"; };
		E988C3B517E6FDEF0053296C /* NUIControlRenderer.h */ = {isa = PBXFileReference; fileEncoding = 4; lastKnownFileType = sourcecode.c.h; path = NUIControlRenderer.h; sourceTree = "<group>"; };
		E988C3B617E6FDEF0053296C /* NUIControlRenderer.m */ = {isa = PBXFileReference; fileEncoding = 4; lastKnownFileType = sourcecode.c.objc; path = NUIControlRenderer.m; sourceTree = "<group>"; };
		E988C3B717E6FDEF0053296C /* NUILabelRenderer.h */ = {isa = PBXFileReference; fileEncoding = 4; lastKnownFileType = sourcecode.c.h; path = NUILabelRenderer.h; sourceTree = "<group>"; };
		E988C3B817E6FDEF0053296C /* NUILabelRenderer.m */ = {isa = PBXFileReference; fileEncoding = 4; lastKnownFileType = sourcecode.c.objc; path = NUILabelRenderer.m; sourceTree = "<group>"; };
		E988C3B917E6FDEF0053296C /* NUINavigationBarRenderer.h */ = {isa = PBXFileReference; fileEncoding = 4; lastKnownFileType = sourcecode.c.h; path = NUINavigationBarRenderer.h; sourceTree = "<group>"; };
		E988C3BA17E6FDEF0053296C /* NUINavigationBarRenderer.m */ = {isa = PBXFileReference; fileEncoding = 4; lastKnownFileType = sourcecode.c.objc; path = NUINavigationBarRenderer.m; sourceTree = "<group>"; };
		E988C3BB17E6FDEF0053296C /* NUINavigationItemRenderer.h */ = {isa = PBXFileReference; fileEncoding = 4; lastKnownFileType = sourcecode.c.h; path = NUINavigationItemRenderer.h; sourceTree = "<group>"; };
		E988C3BC17E6FDEF0053296C /* NUINavigationItemRenderer.m */ = {isa = PBXFileReference; fileEncoding = 4; lastKnownFileType = sourcecode.c.objc; path = NUINavigationItemRenderer.m; sourceTree = "<group>"; };
		E988C3BD17E6FDEF0053296C /* NUIProgressViewRenderer.h */ = {isa = PBXFileReference; fileEncoding = 4; lastKnownFileType = sourcecode.c.h; path = NUIProgressViewRenderer.h; sourceTree = "<group>"; };
		E988C3BE17E6FDEF0053296C /* NUIProgressViewRenderer.m */ = {isa = PBXFileReference; fileEncoding = 4; lastKnownFileType = sourcecode.c.objc; path = NUIProgressViewRenderer.m; sourceTree = "<group>"; };
		E988C3BF17E6FDEF0053296C /* NUISearchBarRenderer.h */ = {isa = PBXFileReference; fileEncoding = 4; lastKnownFileType = sourcecode.c.h; path = NUISearchBarRenderer.h; sourceTree = "<group>"; };
		E988C3C017E6FDEF0053296C /* NUISearchBarRenderer.m */ = {isa = PBXFileReference; fileEncoding = 4; lastKnownFileType = sourcecode.c.objc; path = NUISearchBarRenderer.m; sourceTree = "<group>"; };
		E988C3C117E6FDEF0053296C /* NUISegmentedControlRenderer.h */ = {isa = PBXFileReference; fileEncoding = 4; lastKnownFileType = sourcecode.c.h; path = NUISegmentedControlRenderer.h; sourceTree = "<group>"; };
		E988C3C217E6FDEF0053296C /* NUISegmentedControlRenderer.m */ = {isa = PBXFileReference; fileEncoding = 4; lastKnownFileType = sourcecode.c.objc; path = NUISegmentedControlRenderer.m; sourceTree = "<group>"; };
		E988C3C317E6FDEF0053296C /* NUISliderRenderer.h */ = {isa = PBXFileReference; fileEncoding = 4; lastKnownFileType = sourcecode.c.h; path = NUISliderRenderer.h; sourceTree = "<group>"; };
		E988C3C417E6FDEF0053296C /* NUISliderRenderer.m */ = {isa = PBXFileReference; fileEncoding = 4; lastKnownFileType = sourcecode.c.objc; path = NUISliderRenderer.m; sourceTree = "<group>"; };
		E988C3C517E6FDEF0053296C /* NUISwitchRenderer.h */ = {isa = PBXFileReference; fileEncoding = 4; lastKnownFileType = sourcecode.c.h; path = NUISwitchRenderer.h; sourceTree = "<group>"; };
		E988C3C617E6FDEF0053296C /* NUISwitchRenderer.m */ = {isa = PBXFileReference; fileEncoding = 4; lastKnownFileType = sourcecode.c.objc; path = NUISwitchRenderer.m; sourceTree = "<group>"; };
		E988C3C717E6FDEF0053296C /* NUITabBarItemRenderer.h */ = {isa = PBXFileReference; fileEncoding = 4; lastKnownFileType = sourcecode.c.h; path = NUITabBarItemRenderer.h; sourceTree = "<group>"; };
		E988C3C817E6FDEF0053296C /* NUITabBarItemRenderer.m */ = {isa = PBXFileReference; fileEncoding = 4; lastKnownFileType = sourcecode.c.objc; path = NUITabBarItemRenderer.m; sourceTree = "<group>"; };
		E988C3C917E6FDEF0053296C /* NUITabBarRenderer.h */ = {isa = PBXFileReference; fileEncoding = 4; lastKnownFileType = sourcecode.c.h; path = NUITabBarRenderer.h; sourceTree = "<group>"; };
		E988C3CA17E6FDEF0053296C /* NUITabBarRenderer.m */ = {isa = PBXFileReference; fileEncoding = 4; lastKnownFileType = sourcecode.c.objc; path = NUITabBarRenderer.m; sourceTree = "<group>"; };
		E988C3CB17E6FDEF0053296C /* NUITableViewCellRenderer.h */ = {isa = PBXFileReference; fileEncoding = 4; lastKnownFileType = sourcecode.c.h; path = NUITableViewCellRenderer.h; sourceTree = "<group>"; };
		E988C3CC17E6FDEF0053296C /* NUITableViewCellRenderer.m */ = {isa = PBXFileReference; fileEncoding = 4; lastKnownFileType = sourcecode.c.objc; path = NUITableViewCellRenderer.m; sourceTree = "<group>"; };
		E988C3CD17E6FDEF0053296C /* NUITableViewRenderer.h */ = {isa = PBXFileReference; fileEncoding = 4; lastKnownFileType = sourcecode.c.h; path = NUITableViewRenderer.h; sourceTree = "<group>"; };
		E988C3CE17E6FDEF0053296C /* NUITableViewRenderer.m */ = {isa = PBXFileReference; fileEncoding = 4; lastKnownFileType = sourcecode.c.objc; path = NUITableViewRenderer.m; sourceTree = "<group>"; };
		E988C3CF17E6FDEF0053296C /* NUITextFieldRenderer.h */ = {isa = PBXFileReference; fileEncoding = 4; lastKnownFileType = sourcecode.c.h; path = NUITextFieldRenderer.h; sourceTree = "<group>"; };
		E988C3D017E6FDEF0053296C /* NUITextFieldRenderer.m */ = {isa = PBXFileReference; fileEncoding = 4; lastKnownFileType = sourcecode.c.objc; path = NUITextFieldRenderer.m; sourceTree = "<group>"; };
		E988C3D117E6FDEF0053296C /* NUIToolbarRenderer.h */ = {isa = PBXFileReference; fileEncoding = 4; lastKnownFileType = sourcecode.c.h; path = NUIToolbarRenderer.h; sourceTree = "<group>"; };
		E988C3D217E6FDEF0053296C /* NUIToolbarRenderer.m */ = {isa = PBXFileReference; fileEncoding = 4; lastKnownFileType = sourcecode.c.objc; path = NUIToolbarRenderer.m; sourceTree = "<group>"; };
		E988C3D317E6FDEF0053296C /* NUIViewRenderer.h */ = {isa = PBXFileReference; fileEncoding = 4; lastKnownFileType = sourcecode.c.h; path = NUIViewRenderer.h; sourceTree = "<group>"; };
		E988C3D417E6FDEF0053296C /* NUIViewRenderer.m */ = {isa = PBXFileReference; fileEncoding = 4; lastKnownFileType = sourcecode.c.objc; path = NUIViewRenderer.m; sourceTree = "<group>"; };
		E988C3D517E6FDEF0053296C /* NUIWindowRenderer.h */ = {isa = PBXFileReference; fileEncoding = 4; lastKnownFileType = sourcecode.c.h; path = NUIWindowRenderer.h; sourceTree = "<group>"; };
		E988C3D617E6FDEF0053296C /* NUIWindowRenderer.m */ = {isa = PBXFileReference; fileEncoding = 4; lastKnownFileType = sourcecode.c.objc; path = NUIWindowRenderer.m; sourceTree = "<group>"; };
		E988C3D717E6FDEF0053296C /* NUIStyle.nss */ = {isa = PBXFileReference; fileEncoding = 4; lastKnownFileType = text; path = NUIStyle.nss; sourceTree = "<group>"; };
		E988C3D917E6FDEF0053296C /* NUIViewBackground.png */ = {isa = PBXFileReference; lastKnownFileType = image.png; path = NUIViewBackground.png; sourceTree = "<group>"; };
		E988C3DB17E6FDEF0053296C /* Blue.NUI.nss */ = {isa = PBXFileReference; fileEncoding = 4; lastKnownFileType = text; path = Blue.NUI.nss; sourceTree = "<group>"; };
		E988C3DC17E6FDEF0053296C /* Default.NUI.nss */ = {isa = PBXFileReference; fileEncoding = 4; lastKnownFileType = text; path = Default.NUI.nss; sourceTree = "<group>"; };
		E988C3DD17E6FDEF0053296C /* Googolplex.NUI.nss */ = {isa = PBXFileReference; fileEncoding = 4; lastKnownFileType = text; path = Googolplex.NUI.nss; sourceTree = "<group>"; };
		E988C3DE17E6FDEF0053296C /* Round.NUI.nss */ = {isa = PBXFileReference; fileEncoding = 4; lastKnownFileType = text; path = Round.NUI.nss; sourceTree = "<group>"; };
		E988C3DF17E6FDEF0053296C /* Route.NUI.nss */ = {isa = PBXFileReference; fileEncoding = 4; lastKnownFileType = text; path = Route.NUI.nss; sourceTree = "<group>"; };
		E988C3E017E6FDEF0053296C /* SkyBlue.NUI.nss */ = {isa = PBXFileReference; fileEncoding = 4; lastKnownFileType = text; path = SkyBlue.NUI.nss; sourceTree = "<group>"; };
		E988C3E117E6FDEF0053296C /* Switchboard.NUI.nss */ = {isa = PBXFileReference; fileEncoding = 4; lastKnownFileType = text; path = Switchboard.NUI.nss; sourceTree = "<group>"; };
		E988C3E317E6FDEF0053296C /* UIBarButtonItem+NUI.h */ = {isa = PBXFileReference; fileEncoding = 4; lastKnownFileType = sourcecode.c.h; path = "UIBarButtonItem+NUI.h"; sourceTree = "<group>"; };
		E988C3E417E6FDEF0053296C /* UIBarButtonItem+NUI.m */ = {isa = PBXFileReference; fileEncoding = 4; lastKnownFileType = sourcecode.c.objc; path = "UIBarButtonItem+NUI.m"; sourceTree = "<group>"; };
		E988C3E517E6FDEF0053296C /* UIButton+NUI.h */ = {isa = PBXFileReference; fileEncoding = 4; lastKnownFileType = sourcecode.c.h; path = "UIButton+NUI.h"; sourceTree = "<group>"; };
		E988C3E617E6FDEF0053296C /* UIButton+NUI.m */ = {isa = PBXFileReference; fileEncoding = 4; lastKnownFileType = sourcecode.c.objc; path = "UIButton+NUI.m"; sourceTree = "<group>"; };
		E988C3E717E6FDEF0053296C /* UIControl+NUI.h */ = {isa = PBXFileReference; fileEncoding = 4; lastKnownFileType = sourcecode.c.h; path = "UIControl+NUI.h"; sourceTree = "<group>"; };
		E988C3E817E6FDEF0053296C /* UIControl+NUI.m */ = {isa = PBXFileReference; fileEncoding = 4; lastKnownFileType = sourcecode.c.objc; path = "UIControl+NUI.m"; sourceTree = "<group>"; };
		E988C3E917E6FDEF0053296C /* UILabel+NUI.h */ = {isa = PBXFileReference; fileEncoding = 4; lastKnownFileType = sourcecode.c.h; path = "UILabel+NUI.h"; sourceTree = "<group>"; };
		E988C3EA17E6FDEF0053296C /* UILabel+NUI.m */ = {isa = PBXFileReference; fileEncoding = 4; lastKnownFileType = sourcecode.c.objc; path = "UILabel+NUI.m"; sourceTree = "<group>"; };
		E988C3EB17E6FDEF0053296C /* UINavigationBar+NUI.h */ = {isa = PBXFileReference; fileEncoding = 4; lastKnownFileType = sourcecode.c.h; path = "UINavigationBar+NUI.h"; sourceTree = "<group>"; };
		E988C3EC17E6FDEF0053296C /* UINavigationBar+NUI.m */ = {isa = PBXFileReference; fileEncoding = 4; lastKnownFileType = sourcecode.c.objc; path = "UINavigationBar+NUI.m"; sourceTree = "<group>"; };
		E988C3ED17E6FDEF0053296C /* UINavigationItem+NUI.h */ = {isa = PBXFileReference; fileEncoding = 4; lastKnownFileType = sourcecode.c.h; path = "UINavigationItem+NUI.h"; sourceTree = "<group>"; };
		E988C3EE17E6FDEF0053296C /* UINavigationItem+NUI.m */ = {isa = PBXFileReference; fileEncoding = 4; lastKnownFileType = sourcecode.c.objc; path = "UINavigationItem+NUI.m"; sourceTree = "<group>"; };
		E988C3EF17E6FDEF0053296C /* UIProgressView+NUI.h */ = {isa = PBXFileReference; fileEncoding = 4; lastKnownFileType = sourcecode.c.h; path = "UIProgressView+NUI.h"; sourceTree = "<group>"; };
		E988C3F017E6FDEF0053296C /* UIProgressView+NUI.m */ = {isa = PBXFileReference; fileEncoding = 4; lastKnownFileType = sourcecode.c.objc; path = "UIProgressView+NUI.m"; sourceTree = "<group>"; };
		E988C3F117E6FDEF0053296C /* UISearchBar+NUI.h */ = {isa = PBXFileReference; fileEncoding = 4; lastKnownFileType = sourcecode.c.h; path = "UISearchBar+NUI.h"; sourceTree = "<group>"; };
		E988C3F217E6FDEF0053296C /* UISearchBar+NUI.m */ = {isa = PBXFileReference; fileEncoding = 4; lastKnownFileType = sourcecode.c.objc; path = "UISearchBar+NUI.m"; sourceTree = "<group>"; };
		E988C3F317E6FDEF0053296C /* UISegmentedControl+NUI.h */ = {isa = PBXFileReference; fileEncoding = 4; lastKnownFileType = sourcecode.c.h; path = "UISegmentedControl+NUI.h"; sourceTree = "<group>"; };
		E988C3F417E6FDEF0053296C /* UISegmentedControl+NUI.m */ = {isa = PBXFileReference; fileEncoding = 4; lastKnownFileType = sourcecode.c.objc; path = "UISegmentedControl+NUI.m"; sourceTree = "<group>"; };
		E988C3F517E6FDEF0053296C /* UISlider+NUI.h */ = {isa = PBXFileReference; fileEncoding = 4; lastKnownFileType = sourcecode.c.h; path = "UISlider+NUI.h"; sourceTree = "<group>"; };
		E988C3F617E6FDEF0053296C /* UISlider+NUI.m */ = {isa = PBXFileReference; fileEncoding = 4; lastKnownFileType = sourcecode.c.objc; path = "UISlider+NUI.m"; sourceTree = "<group>"; };
		E988C3F717E6FDEF0053296C /* UISwitch+NUI.h */ = {isa = PBXFileReference; fileEncoding = 4; lastKnownFileType = sourcecode.c.h; path = "UISwitch+NUI.h"; sourceTree = "<group>"; };
		E988C3F817E6FDEF0053296C /* UISwitch+NUI.m */ = {isa = PBXFileReference; fileEncoding = 4; lastKnownFileType = sourcecode.c.objc; path = "UISwitch+NUI.m"; sourceTree = "<group>"; };
		E988C3F917E6FDEF0053296C /* UITabBar+NUI.h */ = {isa = PBXFileReference; fileEncoding = 4; lastKnownFileType = sourcecode.c.h; path = "UITabBar+NUI.h"; sourceTree = "<group>"; };
		E988C3FA17E6FDEF0053296C /* UITabBar+NUI.m */ = {isa = PBXFileReference; fileEncoding = 4; lastKnownFileType = sourcecode.c.objc; path = "UITabBar+NUI.m"; sourceTree = "<group>"; };
		E988C3FB17E6FDEF0053296C /* UITabBarItem+NUI.h */ = {isa = PBXFileReference; fileEncoding = 4; lastKnownFileType = sourcecode.c.h; path = "UITabBarItem+NUI.h"; sourceTree = "<group>"; };
		E988C3FC17E6FDEF0053296C /* UITabBarItem+NUI.m */ = {isa = PBXFileReference; fileEncoding = 4; lastKnownFileType = sourcecode.c.objc; path = "UITabBarItem+NUI.m"; sourceTree = "<group>"; };
		E988C3FD17E6FDEF0053296C /* UITableView+NUI.h */ = {isa = PBXFileReference; fileEncoding = 4; lastKnownFileType = sourcecode.c.h; path = "UITableView+NUI.h"; sourceTree = "<group>"; };
		E988C3FE17E6FDEF0053296C /* UITableView+NUI.m */ = {isa = PBXFileReference; fileEncoding = 4; lastKnownFileType = sourcecode.c.objc; path = "UITableView+NUI.m"; sourceTree = "<group>"; };
		E988C3FF17E6FDEF0053296C /* UITableViewCell+NUI.h */ = {isa = PBXFileReference; fileEncoding = 4; lastKnownFileType = sourcecode.c.h; path = "UITableViewCell+NUI.h"; sourceTree = "<group>"; };
		E988C40017E6FDEF0053296C /* UITableViewCell+NUI.m */ = {isa = PBXFileReference; fileEncoding = 4; lastKnownFileType = sourcecode.c.objc; path = "UITableViewCell+NUI.m"; sourceTree = "<group>"; };
		E988C40117E6FDEF0053296C /* UITextField+NUI.h */ = {isa = PBXFileReference; fileEncoding = 4; lastKnownFileType = sourcecode.c.h; path = "UITextField+NUI.h"; sourceTree = "<group>"; };
		E988C40217E6FDEF0053296C /* UITextField+NUI.m */ = {isa = PBXFileReference; fileEncoding = 4; lastKnownFileType = sourcecode.c.objc; path = "UITextField+NUI.m"; sourceTree = "<group>"; };
		E988C40317E6FDEF0053296C /* UIToolbar+NUI.h */ = {isa = PBXFileReference; fileEncoding = 4; lastKnownFileType = sourcecode.c.h; path = "UIToolbar+NUI.h"; sourceTree = "<group>"; };
		E988C40417E6FDEF0053296C /* UIToolbar+NUI.m */ = {isa = PBXFileReference; fileEncoding = 4; lastKnownFileType = sourcecode.c.objc; path = "UIToolbar+NUI.m"; sourceTree = "<group>"; };
		E988C40517E6FDEF0053296C /* UIView+NUI.h */ = {isa = PBXFileReference; fileEncoding = 4; lastKnownFileType = sourcecode.c.h; path = "UIView+NUI.h"; sourceTree = "<group>"; };
		E988C40617E6FDEF0053296C /* UIView+NUI.m */ = {isa = PBXFileReference; fileEncoding = 4; lastKnownFileType = sourcecode.c.objc; path = "UIView+NUI.m"; sourceTree = "<group>"; };
		E988C40717E6FDEF0053296C /* UIWindow+NUI.h */ = {isa = PBXFileReference; fileEncoding = 4; lastKnownFileType = sourcecode.c.h; path = "UIWindow+NUI.h"; sourceTree = "<group>"; };
		E988C40817E6FDEF0053296C /* UIWindow+NUI.m */ = {isa = PBXFileReference; fileEncoding = 4; lastKnownFileType = sourcecode.c.objc; path = "UIWindow+NUI.m"; sourceTree = "<group>"; };
		E988C44117E6FE6F0053296C /* CoreImage.framework */ = {isa = PBXFileReference; lastKnownFileType = wrapper.framework; name = CoreImage.framework; path = System/Library/Frameworks/CoreImage.framework; sourceTree = SDKROOT; };
		E988C44317E6FE7E0053296C /* QuartzCore.framework */ = {isa = PBXFileReference; lastKnownFileType = wrapper.framework; name = QuartzCore.framework; path = System/Library/Frameworks/QuartzCore.framework; sourceTree = SDKROOT; };
/* End PBXFileReference section */

/* Begin PBXFrameworksBuildPhase section */
		9C39541616A34F8200C5C8FD /* Frameworks */ = {
			isa = PBXFrameworksBuildPhase;
			buildActionMask = 2147483647;
			files = (
				E988C44417E6FE7E0053296C /* QuartzCore.framework in Frameworks */,
				E988C44217E6FE6F0053296C /* CoreImage.framework in Frameworks */,
				9C39541E16A34F8200C5C8FD /* UIKit.framework in Frameworks */,
				9C39542016A34F8200C5C8FD /* Foundation.framework in Frameworks */,
				9C39542216A34F8200C5C8FD /* CoreGraphics.framework in Frameworks */,
			);
			runOnlyForDeploymentPostprocessing = 0;
		};
/* End PBXFrameworksBuildPhase section */

/* Begin PBXGroup section */
		9C39540E16A34F8200C5C8FD = {
			isa = PBXGroup;
			children = (
				E988C39C17E6FDEF0053296C /* NUI */,
				E9477F4A17E10CAA00A16505 /* UIBubbleView */,
				E9477F2F17E071EB00A16505 /* Images */,
				9C39544316A34FC800C5C8FD /* HUD */,
				9C39544E16A34FF300C5C8FD /* JSONModel */,
				E9477F1D17DF8B9E00A16505 /* Messenger Models */,
				9C39542316A34F8200C5C8FD /* Messenger */,
				9C39541C16A34F8200C5C8FD /* Frameworks */,
				9C39541A16A34F8200C5C8FD /* Products */,
			);
			sourceTree = "<group>";
		};
		9C39541A16A34F8200C5C8FD /* Products */ = {
			isa = PBXGroup;
			children = (
				9C39541916A34F8200C5C8FD /* Oxwall Messenger.app */,
			);
			name = Products;
			sourceTree = "<group>";
		};
		9C39541C16A34F8200C5C8FD /* Frameworks */ = {
			isa = PBXGroup;
			children = (
				E988C44317E6FE7E0053296C /* QuartzCore.framework */,
				E988C44117E6FE6F0053296C /* CoreImage.framework */,
				9C39541D16A34F8200C5C8FD /* UIKit.framework */,
				9C39541F16A34F8200C5C8FD /* Foundation.framework */,
				9C39542116A34F8200C5C8FD /* CoreGraphics.framework */,
			);
			name = Frameworks;
			sourceTree = "<group>";
		};
		9C39542316A34F8200C5C8FD /* Messenger */ = {
			isa = PBXGroup;
			children = (
				E9477F2117DF8E7500A16505 /* MainStoryboard.storyboard */,
				E9477F3B17E0E4CF00A16505 /* ConversationsViewController.h */,
				E9477F3C17E0E4D500A16505 /* ConversationsViewController.m */,
				E9477F1A17DF8AF100A16505 /* LoginViewController.h */,
				E9477F1B17DF8AF200A16505 /* LoginViewController.m */,
				E9477F0317DF869600A16505 /* MasterViewController.h */,
				E9477F0417DF869600A16505 /* MasterViewController.m */,
				E9477EF617DF865600A16505 /* AppDelegate.h */,
				E9477EF717DF865600A16505 /* AppDelegate.m */,
				E9477EFB17DF865700A16505 /* DetailViewController.h */,
				E9477EFC17DF865700A16505 /* DetailViewController.m */,
				9C39542416A34F8200C5C8FD /* Supporting Files */,
				E9477F2C17E043E500A16505 /* DUViewController.h */,
				E9477F2D17E043E600A16505 /* DUViewController.m */,
				E909C47D17E198EB0058B75A /* MessagesViewController.h */,
				E909C47E17E198EB0058B75A /* MessagesViewController.m */,
			);
			name = Messenger;
			path = JSON_HelloWorld;
			sourceTree = "<group>";
		};
		9C39542416A34F8200C5C8FD /* Supporting Files */ = {
			isa = PBXGroup;
			children = (
				E9477F3817E0722F00A16505 /* UICheckbox.h */,
				E9477F3917E0722F00A16505 /* UICheckbox.m */,
				E9477F1817DF889600A16505 /* InfoPlist.strings */,
				E9477F1017DF872800A16505 /* Default-568h@2x.png */,
				E9477F1117DF872800A16505 /* Default.png */,
				E9477F1217DF872800A16505 /* Default@2x.png */,
				E9477F0217DF869600A16505 /* main.m */,
				E9477F0517DF869600A16505 /* Oxwall Messenger-Info.plist */,
				E9477F0617DF869600A16505 /* Oxwall Messenger-Prefix.pch */,
			);
			name = "Supporting Files";
			sourceTree = "<group>";
		};
		9C39544316A34FC800C5C8FD /* HUD */ = {
			isa = PBXGroup;
			children = (
				9C39544416A34FC800C5C8FD /* btnCheck.png */,
				9C39544516A34FC800C5C8FD /* btnCheck@2x.png */,
				9C39544616A34FC800C5C8FD /* HUD.h */,
				9C39544716A34FC800C5C8FD /* HUD.m */,
				9C39544816A34FC800C5C8FD /* MBProgressHUD.h */,
				9C39544916A34FC800C5C8FD /* MBProgressHUD.m */,
			);
			path = HUD;
			sourceTree = "<group>";
		};
		9C39544E16A34FF300C5C8FD /* JSONModel */ = {
			isa = PBXGroup;
			children = (
				9C39544F16A34FF300C5C8FD /* JSONModel */,
				9C39545816A34FF300C5C8FD /* JSONModelCategories */,
				9C39545B16A34FF300C5C8FD /* JSONModelLib.h */,
				9C39545C16A34FF300C5C8FD /* JSONModelNetworking */,
				9C39546316A34FF300C5C8FD /* JSONModelTransformations */,
			);
			path = JSONModel;
			sourceTree = "<group>";
		};
		9C39544F16A34FF300C5C8FD /* JSONModel */ = {
			isa = PBXGroup;
			children = (
				9C39545016A34FF300C5C8FD /* JSONModel.h */,
				9C39545116A34FF300C5C8FD /* JSONModel.m */,
				9C39545216A34FF300C5C8FD /* JSONModelArray.h */,
				9C39545316A34FF300C5C8FD /* JSONModelArray.m */,
				9C39545416A34FF300C5C8FD /* JSONModelClassProperty.h */,
				9C39545516A34FF300C5C8FD /* JSONModelClassProperty.m */,
				9C39545616A34FF300C5C8FD /* JSONModelError.h */,
				9C39545716A34FF300C5C8FD /* JSONModelError.m */,
			);
			path = JSONModel;
			sourceTree = "<group>";
		};
		9C39545816A34FF300C5C8FD /* JSONModelCategories */ = {
			isa = PBXGroup;
			children = (
				9C39545916A34FF300C5C8FD /* NSArray+JSONModel.h */,
				9C39545A16A34FF300C5C8FD /* NSArray+JSONModel.m */,
			);
			path = JSONModelCategories;
			sourceTree = "<group>";
		};
		9C39545C16A34FF300C5C8FD /* JSONModelNetworking */ = {
			isa = PBXGroup;
			children = (
				9C39545D16A34FF300C5C8FD /* JSONAPI.h */,
				9C39545E16A34FF300C5C8FD /* JSONAPI.m */,
				9C39545F16A34FF300C5C8FD /* JSONHTTPClient.h */,
				9C39546016A34FF300C5C8FD /* JSONHTTPClient.m */,
				9C39546116A34FF300C5C8FD /* JSONModel+networking.h */,
				9C39546216A34FF300C5C8FD /* JSONModel+networking.m */,
			);
			path = JSONModelNetworking;
			sourceTree = "<group>";
		};
		9C39546316A34FF300C5C8FD /* JSONModelTransformations */ = {
			isa = PBXGroup;
			children = (
				9C39546416A34FF300C5C8FD /* JSONKeyMapper.h */,
				9C39546516A34FF300C5C8FD /* JSONKeyMapper.m */,
				9C39546616A34FF300C5C8FD /* JSONValueTransformer.h */,
				9C39546716A34FF300C5C8FD /* JSONValueTransformer.m */,
			);
			path = JSONModelTransformations;
			sourceTree = "<group>";
		};
		E9477F1D17DF8B9E00A16505 /* Messenger Models */ = {
			isa = PBXGroup;
			children = (
				9C39548016A3581600C5C8FD /* OxwallFeed.h */,
				9C39548116A3581600C5C8FD /* OxwallFeed.m */,
				9C39547D16A3566A00C5C8FD /* LocationModel.h */,
				9C39547E16A3566A00C5C8FD /* LocationModel.m */,
				9C39547A16A3554D00C5C8FD /* UsersModel.h */,
				9C39547B16A3554D00C5C8FD /* UsersModel.m */,
				E9477F2317DF931800A16505 /* LoginModel.h */,
				E9477F2417DF931800A16505 /* LoginModel.m */,
				E9477F3E17E0E51700A16505 /* ConversationsModel.h */,
				E9477F3F17E0E51700A16505 /* ConversationsModel.m */,
				E9477F4117E0F43800A16505 /* ConversationFeed.h */,
				E9477F4217E0F43800A16505 /* ConversationFeed.m */,
				E9477F4417E10B9A00A16505 /* MessageFeed.h */,
				E9477F4517E10B9C00A16505 /* MessageFeed.m */,
				E9477F4717E10BC500A16505 /* MessageModel.h */,
				E9477F4817E10BC600A16505 /* MessageModel.m */,
			);
			name = "Messenger Models";
			sourceTree = "<group>";
		};
		E9477F2F17E071EB00A16505 /* Images */ = {
			isa = PBXGroup;
			children = (
				E909C49017E19B5B0058B75A /* bubbleMine.png */,
				E909C49117E19B5B0058B75A /* bubbleMine@2x.png */,
				E909C49217E19B5B0058B75A /* bubbleSomeone.png */,
				E909C49317E19B5B0058B75A /* bubbleSomeone@2x.png */,
				E909C49417E19B5B0058B75A /* missingAvatar.png */,
				E909C49517E19B5B0058B75A /* missingAvatar@2x.png */,
				E909C49617E19B5B0058B75A /* typingMine.png */,
				E909C49717E19B5B0058B75A /* typingMine@2x.png */,
				E909C49817E19B5B0058B75A /* typingSomeone.png */,
				E909C49917E19B5B0058B75A /* typingSomeone@2x.png */,
				E9477F3017E0720F00A16505 /* uicheckbox_checked.png */,
				E9477F3117E0720F00A16505 /* uicheckbox_checked@2x.png */,
				E9477F3217E0720F00A16505 /* uicheckbox_unchecked.png */,
				E9477F3317E0720F00A16505 /* uicheckbox_unchecked@2x.png */,
			);
			name = Images;
			sourceTree = "<group>";
		};
		E9477F4A17E10CAA00A16505 /* UIBubbleView */ = {
			isa = PBXGroup;
			children = (
				E909C48017E199E00058B75A /* NSBubbleData.h */,
				E909C48117E199E00058B75A /* NSBubbleData.m */,
				E909C48217E199E00058B75A /* UIBubbleTableView.h */,
				E909C48317E199E00058B75A /* UIBubbleTableView.m */,
				E909C48417E199E00058B75A /* UIBubbleTableViewCell.h */,
				E909C48517E199E00058B75A /* UIBubbleTableViewCell.m */,
				E909C48617E199E00058B75A /* UIBubbleHeaderTableViewCell.h */,
				E909C48717E199E00058B75A /* UIBubbleHeaderTableViewCell.m */,
				E909C48817E199E00058B75A /* UIBubbleTypingTableViewCell.h */,
				E909C48917E199E00058B75A /* UIBubbleTypingTableViewCell.m */,
				E909C48A17E199E00058B75A /* UIBubbleTableViewDataSource.h */,
			);
			name = UIBubbleView;
			sourceTree = "<group>";
		};
		E988C39C17E6FDEF0053296C /* NUI */ = {
			isa = PBXGroup;
			children = (
				E988C39D17E6FDEF0053296C /* Core */,
				E988C3D717E6FDEF0053296C /* NUIStyle.nss */,
				E988C3D817E6FDEF0053296C /* Resources */,
				E988C3DA17E6FDEF0053296C /* Themes */,
				E988C3E217E6FDEF0053296C /* UI */,
			);
			path = NUI;
			sourceTree = "<group>";
		};
		E988C39D17E6FDEF0053296C /* Core */ = {
			isa = PBXGroup;
			children = (
				E988C39E17E6FDEF0053296C /* NUIAppearance.h */,
				E988C39F17E6FDEF0053296C /* NUIAppearance.m */,
				E988C3A017E6FDEF0053296C /* NUIConverter.h */,
				E988C3A117E6FDEF0053296C /* NUIConverter.m */,
				E988C3A217E6FDEF0053296C /* NUIFileMonitor.h */,
				E988C3A317E6FDEF0053296C /* NUIFileMonitor.m */,
				E988C3A417E6FDEF0053296C /* NUIGraphics.h */,
				E988C3A517E6FDEF0053296C /* NUIGraphics.m */,
				E988C3A617E6FDEF0053296C /* NUIRenderer.h */,
				E988C3A717E6FDEF0053296C /* NUIRenderer.m */,
				E988C3A817E6FDEF0053296C /* NUISettings.h */,
				E988C3A917E6FDEF0053296C /* NUISettings.m */,
				E988C3AA17E6FDEF0053296C /* NUIStyleParser.h */,
				E988C3AB17E6FDEF0053296C /* NUIStyleParser.m */,
				E988C3AC17E6FDEF0053296C /* NUISwizzler.h */,
				E988C3AD17E6FDEF0053296C /* NUISwizzler.m */,
				E988C3AE17E6FDEF0053296C /* NUIUtilities.h */,
				E988C3AF17E6FDEF0053296C /* NUIUtilities.m */,
				E988C3B017E6FDEF0053296C /* Renderers */,
			);
			path = Core;
			sourceTree = "<group>";
		};
		E988C3B017E6FDEF0053296C /* Renderers */ = {
			isa = PBXGroup;
			children = (
				E988C3B117E6FDEF0053296C /* NUIBarButtonItemRenderer.h */,
				E988C3B217E6FDEF0053296C /* NUIBarButtonItemRenderer.m */,
				E988C3B317E6FDEF0053296C /* NUIButtonRenderer.h */,
				E988C3B417E6FDEF0053296C /* NUIButtonRenderer.m */,
				E988C3B517E6FDEF0053296C /* NUIControlRenderer.h */,
				E988C3B617E6FDEF0053296C /* NUIControlRenderer.m */,
				E988C3B717E6FDEF0053296C /* NUILabelRenderer.h */,
				E988C3B817E6FDEF0053296C /* NUILabelRenderer.m */,
				E988C3B917E6FDEF0053296C /* NUINavigationBarRenderer.h */,
				E988C3BA17E6FDEF0053296C /* NUINavigationBarRenderer.m */,
				E988C3BB17E6FDEF0053296C /* NUINavigationItemRenderer.h */,
				E988C3BC17E6FDEF0053296C /* NUINavigationItemRenderer.m */,
				E988C3BD17E6FDEF0053296C /* NUIProgressViewRenderer.h */,
				E988C3BE17E6FDEF0053296C /* NUIProgressViewRenderer.m */,
				E988C3BF17E6FDEF0053296C /* NUISearchBarRenderer.h */,
				E988C3C017E6FDEF0053296C /* NUISearchBarRenderer.m */,
				E988C3C117E6FDEF0053296C /* NUISegmentedControlRenderer.h */,
				E988C3C217E6FDEF0053296C /* NUISegmentedControlRenderer.m */,
				E988C3C317E6FDEF0053296C /* NUISliderRenderer.h */,
				E988C3C417E6FDEF0053296C /* NUISliderRenderer.m */,
				E988C3C517E6FDEF0053296C /* NUISwitchRenderer.h */,
				E988C3C617E6FDEF0053296C /* NUISwitchRenderer.m */,
				E988C3C717E6FDEF0053296C /* NUITabBarItemRenderer.h */,
				E988C3C817E6FDEF0053296C /* NUITabBarItemRenderer.m */,
				E988C3C917E6FDEF0053296C /* NUITabBarRenderer.h */,
				E988C3CA17E6FDEF0053296C /* NUITabBarRenderer.m */,
				E988C3CB17E6FDEF0053296C /* NUITableViewCellRenderer.h */,
				E988C3CC17E6FDEF0053296C /* NUITableViewCellRenderer.m */,
				E988C3CD17E6FDEF0053296C /* NUITableViewRenderer.h */,
				E988C3CE17E6FDEF0053296C /* NUITableViewRenderer.m */,
				E988C3CF17E6FDEF0053296C /* NUITextFieldRenderer.h */,
				E988C3D017E6FDEF0053296C /* NUITextFieldRenderer.m */,
				E988C3D117E6FDEF0053296C /* NUIToolbarRenderer.h */,
				E988C3D217E6FDEF0053296C /* NUIToolbarRenderer.m */,
				E988C3D317E6FDEF0053296C /* NUIViewRenderer.h */,
				E988C3D417E6FDEF0053296C /* NUIViewRenderer.m */,
				E988C3D517E6FDEF0053296C /* NUIWindowRenderer.h */,
				E988C3D617E6FDEF0053296C /* NUIWindowRenderer.m */,
			);
			path = Renderers;
			sourceTree = "<group>";
		};
		E988C3D817E6FDEF0053296C /* Resources */ = {
			isa = PBXGroup;
			children = (
				E988C3D917E6FDEF0053296C /* NUIViewBackground.png */,
			);
			path = Resources;
			sourceTree = "<group>";
		};
		E988C3DA17E6FDEF0053296C /* Themes */ = {
			isa = PBXGroup;
			children = (
				E988C3DB17E6FDEF0053296C /* Blue.NUI.nss */,
				E988C3DC17E6FDEF0053296C /* Default.NUI.nss */,
				E988C3DD17E6FDEF0053296C /* Googolplex.NUI.nss */,
				E988C3DE17E6FDEF0053296C /* Round.NUI.nss */,
				E988C3DF17E6FDEF0053296C /* Route.NUI.nss */,
				E988C3E017E6FDEF0053296C /* SkyBlue.NUI.nss */,
				E988C3E117E6FDEF0053296C /* Switchboard.NUI.nss */,
			);
			path = Themes;
			sourceTree = "<group>";
		};
		E988C3E217E6FDEF0053296C /* UI */ = {
			isa = PBXGroup;
			children = (
				E988C3E317E6FDEF0053296C /* UIBarButtonItem+NUI.h */,
				E988C3E417E6FDEF0053296C /* UIBarButtonItem+NUI.m */,
				E988C3E517E6FDEF0053296C /* UIButton+NUI.h */,
				E988C3E617E6FDEF0053296C /* UIButton+NUI.m */,
				E988C3E717E6FDEF0053296C /* UIControl+NUI.h */,
				E988C3E817E6FDEF0053296C /* UIControl+NUI.m */,
				E988C3E917E6FDEF0053296C /* UILabel+NUI.h */,
				E988C3EA17E6FDEF0053296C /* UILabel+NUI.m */,
				E988C3EB17E6FDEF0053296C /* UINavigationBar+NUI.h */,
				E988C3EC17E6FDEF0053296C /* UINavigationBar+NUI.m */,
				E988C3ED17E6FDEF0053296C /* UINavigationItem+NUI.h */,
				E988C3EE17E6FDEF0053296C /* UINavigationItem+NUI.m */,
				E988C3EF17E6FDEF0053296C /* UIProgressView+NUI.h */,
				E988C3F017E6FDEF0053296C /* UIProgressView+NUI.m */,
				E988C3F117E6FDEF0053296C /* UISearchBar+NUI.h */,
				E988C3F217E6FDEF0053296C /* UISearchBar+NUI.m */,
				E988C3F317E6FDEF0053296C /* UISegmentedControl+NUI.h */,
				E988C3F417E6FDEF0053296C /* UISegmentedControl+NUI.m */,
				E988C3F517E6FDEF0053296C /* UISlider+NUI.h */,
				E988C3F617E6FDEF0053296C /* UISlider+NUI.m */,
				E988C3F717E6FDEF0053296C /* UISwitch+NUI.h */,
				E988C3F817E6FDEF0053296C /* UISwitch+NUI.m */,
				E988C3F917E6FDEF0053296C /* UITabBar+NUI.h */,
				E988C3FA17E6FDEF0053296C /* UITabBar+NUI.m */,
				E988C3FB17E6FDEF0053296C /* UITabBarItem+NUI.h */,
				E988C3FC17E6FDEF0053296C /* UITabBarItem+NUI.m */,
				E988C3FD17E6FDEF0053296C /* UITableView+NUI.h */,
				E988C3FE17E6FDEF0053296C /* UITableView+NUI.m */,
				E988C3FF17E6FDEF0053296C /* UITableViewCell+NUI.h */,
				E988C40017E6FDEF0053296C /* UITableViewCell+NUI.m */,
				E988C40117E6FDEF0053296C /* UITextField+NUI.h */,
				E988C40217E6FDEF0053296C /* UITextField+NUI.m */,
				E988C40317E6FDEF0053296C /* UIToolbar+NUI.h */,
				E988C40417E6FDEF0053296C /* UIToolbar+NUI.m */,
				E988C40517E6FDEF0053296C /* UIView+NUI.h */,
				E988C40617E6FDEF0053296C /* UIView+NUI.m */,
				E988C40717E6FDEF0053296C /* UIWindow+NUI.h */,
				E988C40817E6FDEF0053296C /* UIWindow+NUI.m */,
			);
			path = UI;
			sourceTree = "<group>";
		};
/* End PBXGroup section */

/* Begin PBXNativeTarget section */
		9C39541816A34F8200C5C8FD /* Oxwall Messenger */ = {
			isa = PBXNativeTarget;
			buildConfigurationList = 9C39544016A34F8200C5C8FD /* Build configuration list for PBXNativeTarget "Oxwall Messenger" */;
			buildPhases = (
				9C39541516A34F8200C5C8FD /* Sources */,
				9C39541616A34F8200C5C8FD /* Frameworks */,
				9C39541716A34F8200C5C8FD /* Resources */,
			);
			buildRules = (
			);
			dependencies = (
			);
			name = "Oxwall Messenger";
			productName = JSON_HelloWorld;
			productReference = 9C39541916A34F8200C5C8FD /* Oxwall Messenger.app */;
			productType = "com.apple.product-type.application";
		};
/* End PBXNativeTarget section */

/* Begin PBXProject section */
		9C39541016A34F8200C5C8FD /* Project object */ = {
			isa = PBXProject;
			attributes = {
				LastUpgradeCheck = 0450;
				ORGANIZATIONNAME = "Underplot ltd.";
			};
			buildConfigurationList = 9C39541316A34F8200C5C8FD /* Build configuration list for PBXProject "Oxwall Messenger" */;
			compatibilityVersion = "Xcode 3.2";
			developmentRegion = English;
			hasScannedForEncodings = 0;
			knownRegions = (
				en,
			);
			mainGroup = 9C39540E16A34F8200C5C8FD;
			productRefGroup = 9C39541A16A34F8200C5C8FD /* Products */;
			projectDirPath = "";
			projectRoot = "";
			targets = (
				9C39541816A34F8200C5C8FD /* Oxwall Messenger */,
			);
		};
/* End PBXProject section */

/* Begin PBXResourcesBuildPhase section */
		9C39541716A34F8200C5C8FD /* Resources */ = {
			isa = PBXResourcesBuildPhase;
			buildActionMask = 2147483647;
			files = (
				9C39544A16A34FC800C5C8FD /* btnCheck.png in Resources */,
				9C39544B16A34FC800C5C8FD /* btnCheck@2x.png in Resources */,
				E9477F0917DF869600A16505 /* Oxwall Messenger-Info.plist in Resources */,
				E9477F1317DF872800A16505 /* Default-568h@2x.png in Resources */,
				E9477F1417DF872800A16505 /* Default.png in Resources */,
				E9477F1517DF872800A16505 /* Default@2x.png in Resources */,
				E9477F1917DF889600A16505 /* InfoPlist.strings in Resources */,
				E9477F2217DF8E7500A16505 /* MainStoryboard.storyboard in Resources */,
				E9477F3417E0720F00A16505 /* uicheckbox_checked.png in Resources */,
				E9477F3517E0720F00A16505 /* uicheckbox_checked@2x.png in Resources */,
				E9477F3617E0720F00A16505 /* uicheckbox_unchecked.png in Resources */,
				E9477F3717E0720F00A16505 /* uicheckbox_unchecked@2x.png in Resources */,
				E909C49A17E19B5B0058B75A /* bubbleMine.png in Resources */,
				E909C49B17E19B5B0058B75A /* bubbleMine@2x.png in Resources */,
				E909C49C17E19B5B0058B75A /* bubbleSomeone.png in Resources */,
				E909C49D17E19B5B0058B75A /* bubbleSomeone@2x.png in Resources */,
				E909C49E17E19B5B0058B75A /* missingAvatar.png in Resources */,
				E909C49F17E19B5B0058B75A /* missingAvatar@2x.png in Resources */,
				E909C4A017E19B5B0058B75A /* typingMine.png in Resources */,
				E909C4A117E19B5B0058B75A /* typingMine@2x.png in Resources */,
				E909C4A217E19B5B0058B75A /* typingSomeone.png in Resources */,
				E909C4A317E19B5B0058B75A /* typingSomeone@2x.png in Resources */,
				E988C42517E6FDEF0053296C /* NUIStyle.nss in Resources */,
				E988C42617E6FDEF0053296C /* NUIViewBackground.png in Resources */,
				E988C42717E6FDEF0053296C /* Blue.NUI.nss in Resources */,
				E988C42817E6FDEF0053296C /* Default.NUI.nss in Resources */,
				E988C42917E6FDEF0053296C /* Googolplex.NUI.nss in Resources */,
				E988C42A17E6FDEF0053296C /* Round.NUI.nss in Resources */,
				E988C42B17E6FDEF0053296C /* Route.NUI.nss in Resources */,
				E988C42C17E6FDEF0053296C /* SkyBlue.NUI.nss in Resources */,
				E988C42D17E6FDEF0053296C /* Switchboard.NUI.nss in Resources */,
			);
			runOnlyForDeploymentPostprocessing = 0;
		};
/* End PBXResourcesBuildPhase section */

/* Begin PBXSourcesBuildPhase section */
		9C39541516A34F8200C5C8FD /* Sources */ = {
			isa = PBXSourcesBuildPhase;
			buildActionMask = 2147483647;
			files = (
				9C39544C16A34FC800C5C8FD /* HUD.m in Sources */,
				9C39544D16A34FC800C5C8FD /* MBProgressHUD.m in Sources */,
				9C39546816A34FF300C5C8FD /* JSONModel.m in Sources */,
				9C39546916A34FF300C5C8FD /* JSONModelArray.m in Sources */,
				9C39546A16A34FF300C5C8FD /* JSONModelClassProperty.m in Sources */,
				9C39546B16A34FF300C5C8FD /* JSONModelError.m in Sources */,
				9C39546C16A34FF300C5C8FD /* NSArray+JSONModel.m in Sources */,
				9C39546D16A34FF300C5C8FD /* JSONAPI.m in Sources */,
				9C39546E16A34FF300C5C8FD /* JSONHTTPClient.m in Sources */,
				9C39546F16A34FF300C5C8FD /* JSONModel+networking.m in Sources */,
				9C39547016A34FF300C5C8FD /* JSONKeyMapper.m in Sources */,
				9C39547116A34FF300C5C8FD /* JSONValueTransformer.m in Sources */,
				9C39547C16A3554D00C5C8FD /* UsersModel.m in Sources */,
				9C39547F16A3566A00C5C8FD /* LocationModel.m in Sources */,
				9C39548216A3581600C5C8FD /* OxwallFeed.m in Sources */,
				E9477EFD17DF865700A16505 /* AppDelegate.m in Sources */,
				E9477F0117DF865700A16505 /* DetailViewController.m in Sources */,
				E9477F0717DF869600A16505 /* main.m in Sources */,
				E9477F0817DF869600A16505 /* MasterViewController.m in Sources */,
				E9477F1C17DF8AF200A16505 /* LoginViewController.m in Sources */,
				E9477F2517DF931800A16505 /* LoginModel.m in Sources */,
				E9477F2E17E043E700A16505 /* DUViewController.m in Sources */,
				E9477F3A17E0723000A16505 /* UICheckbox.m in Sources */,
				E9477F3D17E0E4D800A16505 /* ConversationsViewController.m in Sources */,
				E9477F4017E0E51700A16505 /* ConversationsModel.m in Sources */,
				E9477F4317E0F43800A16505 /* ConversationFeed.m in Sources */,
				E9477F4617E10B9F00A16505 /* MessageFeed.m in Sources */,
				E9477F4917E10BC600A16505 /* MessageModel.m in Sources */,
				E909C47F17E198EB0058B75A /* MessagesViewController.m in Sources */,
				E909C48B17E199E00058B75A /* NSBubbleData.m in Sources */,
				E909C48C17E199E00058B75A /* UIBubbleTableView.m in Sources */,
				E909C48D17E199E00058B75A /* UIBubbleTableViewCell.m in Sources */,
				E909C48E17E199E00058B75A /* UIBubbleHeaderTableViewCell.m in Sources */,
				E909C48F17E199E00058B75A /* UIBubbleTypingTableViewCell.m in Sources */,
				E988C40917E6FDEF0053296C /* NUIAppearance.m in Sources */,
				E988C40A17E6FDEF0053296C /* NUIConverter.m in Sources */,
				E988C40B17E6FDEF0053296C /* NUIFileMonitor.m in Sources */,
				E988C40C17E6FDEF0053296C /* NUIGraphics.m in Sources */,
				E988C40D17E6FDEF0053296C /* NUIRenderer.m in Sources */,
				E988C40E17E6FDEF0053296C /* NUISettings.m in Sources */,
				E988C40F17E6FDEF0053296C /* NUIStyleParser.m in Sources */,
				E988C41017E6FDEF0053296C /* NUISwizzler.m in Sources */,
				E988C41117E6FDEF0053296C /* NUIUtilities.m in Sources */,
				E988C41217E6FDEF0053296C /* NUIBarButtonItemRenderer.m in Sources */,
				E988C41317E6FDEF0053296C /* NUIButtonRenderer.m in Sources */,
				E988C41417E6FDEF0053296C /* NUIControlRenderer.m in Sources */,
				E988C41517E6FDEF0053296C /* NUILabelRenderer.m in Sources */,
				E988C41617E6FDEF0053296C /* NUINavigationBarRenderer.m in Sources */,
				E988C41717E6FDEF0053296C /* NUINavigationItemRenderer.m in Sources */,
				E988C41817E6FDEF0053296C /* NUIProgressViewRenderer.m in Sources */,
				E988C41917E6FDEF0053296C /* NUISearchBarRenderer.m in Sources */,
				E988C41A17E6FDEF0053296C /* NUISegmentedControlRenderer.m in Sources */,
				E988C41B17E6FDEF0053296C /* NUISliderRenderer.m in Sources */,
				E988C41C17E6FDEF0053296C /* NUISwitchRenderer.m in Sources */,
				E988C41D17E6FDEF0053296C /* NUITabBarItemRenderer.m in Sources */,
				E988C41E17E6FDEF0053296C /* NUITabBarRenderer.m in Sources */,
				E988C41F17E6FDEF0053296C /* NUITableViewCellRenderer.m in Sources */,
				E988C42017E6FDEF0053296C /* NUITableViewRenderer.m in Sources */,
				E988C42117E6FDEF0053296C /* NUITextFieldRenderer.m in Sources */,
				E988C42217E6FDEF0053296C /* NUIToolbarRenderer.m in Sources */,
				E988C42317E6FDEF0053296C /* NUIViewRenderer.m in Sources */,
				E988C42417E6FDEF0053296C /* NUIWindowRenderer.m in Sources */,
				E988C42E17E6FDEF0053296C /* UIBarButtonItem+NUI.m in Sources */,
				E988C42F17E6FDEF0053296C /* UIButton+NUI.m in Sources */,
				E988C43017E6FDEF0053296C /* UIControl+NUI.m in Sources */,
				E988C43117E6FDEF0053296C /* UILabel+NUI.m in Sources */,
				E988C43217E6FDEF0053296C /* UINavigationBar+NUI.m in Sources */,
				E988C43317E6FDEF0053296C /* UINavigationItem+NUI.m in Sources */,
				E988C43417E6FDEF0053296C /* UIProgressView+NUI.m in Sources */,
				E988C43517E6FDEF0053296C /* UISearchBar+NUI.m in Sources */,
				E988C43617E6FDEF0053296C /* UISegmentedControl+NUI.m in Sources */,
				E988C43717E6FDEF0053296C /* UISlider+NUI.m in Sources */,
				E988C43817E6FDEF0053296C /* UISwitch+NUI.m in Sources */,
				E988C43917E6FDEF0053296C /* UITabBar+NUI.m in Sources */,
				E988C43A17E6FDEF0053296C /* UITabBarItem+NUI.m in Sources */,
				E988C43B17E6FDEF0053296C /* UITableView+NUI.m in Sources */,
				E988C43C17E6FDEF0053296C /* UITableViewCell+NUI.m in Sources */,
				E988C43D17E6FDEF0053296C /* UITextField+NUI.m in Sources */,
				E988C43E17E6FDEF0053296C /* UIToolbar+NUI.m in Sources */,
				E988C43F17E6FDEF0053296C /* UIView+NUI.m in Sources */,
				E988C44017E6FDEF0053296C /* UIWindow+NUI.m in Sources */,
			);
			runOnlyForDeploymentPostprocessing = 0;
		};
/* End PBXSourcesBuildPhase section */

/* Begin XCBuildConfiguration section */
		9C39543E16A34F8200C5C8FD /* Debug */ = {
			isa = XCBuildConfiguration;
			buildSettings = {
				ALWAYS_SEARCH_USER_PATHS = NO;
				CLANG_CXX_LANGUAGE_STANDARD = "gnu++0x";
				CLANG_CXX_LIBRARY = "libc++";
				CLANG_ENABLE_OBJC_ARC = YES;
				CLANG_WARN_EMPTY_BODY = YES;
				CLANG_WARN__DUPLICATE_METHOD_MATCH = YES;
				"CODE_SIGN_IDENTITY[sdk=iphoneos*]" = "iPhone Developer";
				COPY_PHASE_STRIP = NO;
				GCC_C_LANGUAGE_STANDARD = gnu99;
				GCC_DYNAMIC_NO_PIC = NO;
				GCC_OPTIMIZATION_LEVEL = 0;
				GCC_PREPROCESSOR_DEFINITIONS = (
					"DEBUG=1",
					"$(inherited)",
				);
				GCC_SYMBOLS_PRIVATE_EXTERN = NO;
				GCC_WARN_ABOUT_RETURN_TYPE = YES;
				GCC_WARN_UNINITIALIZED_AUTOS = YES;
				GCC_WARN_UNUSED_VARIABLE = YES;
				IPHONEOS_DEPLOYMENT_TARGET = 6.0;
				SDKROOT = iphoneos;
			};
			name = Debug;
		};
		9C39543F16A34F8200C5C8FD /* Release */ = {
			isa = XCBuildConfiguration;
			buildSettings = {
				ALWAYS_SEARCH_USER_PATHS = NO;
				CLANG_CXX_LANGUAGE_STANDARD = "gnu++0x";
				CLANG_CXX_LIBRARY = "libc++";
				CLANG_ENABLE_OBJC_ARC = YES;
				CLANG_WARN_EMPTY_BODY = YES;
				CLANG_WARN__DUPLICATE_METHOD_MATCH = YES;
				"CODE_SIGN_IDENTITY[sdk=iphoneos*]" = "iPhone Developer";
				COPY_PHASE_STRIP = YES;
				GCC_C_LANGUAGE_STANDARD = gnu99;
				GCC_WARN_ABOUT_RETURN_TYPE = YES;
				GCC_WARN_UNINITIALIZED_AUTOS = YES;
				GCC_WARN_UNUSED_VARIABLE = YES;
				IPHONEOS_DEPLOYMENT_TARGET = 6.0;
				OTHER_CFLAGS = "-DNS_BLOCK_ASSERTIONS=1";
				SDKROOT = iphoneos;
				VALIDATE_PRODUCT = YES;
			};
			name = Release;
		};
		9C39544116A34F8200C5C8FD /* Debug */ = {
			isa = XCBuildConfiguration;
			buildSettings = {
				GCC_PRECOMPILE_PREFIX_HEADER = YES;
				GCC_PREFIX_HEADER = "Messenger/Oxwall Messenger-Prefix.pch";
				INFOPLIST_FILE = "Messenger/Oxwall Messenger-Info.plist";
				PRODUCT_NAME = "Oxwall Messenger";
				WRAPPER_EXTENSION = app;
			};
			name = Debug;
		};
		9C39544216A34F8200C5C8FD /* Release */ = {
			isa = XCBuildConfiguration;
			buildSettings = {
				GCC_PRECOMPILE_PREFIX_HEADER = YES;
				GCC_PREFIX_HEADER = "Messenger/Oxwall Messenger-Prefix.pch";
				INFOPLIST_FILE = "Messenger/Oxwall Messenger-Info.plist";
				PRODUCT_NAME = "Oxwall Messenger";
				WRAPPER_EXTENSION = app;
			};
			name = Release;
		};
/* End XCBuildConfiguration section */

/* Begin XCConfigurationList section */
		9C39541316A34F8200C5C8FD /* Build configuration list for PBXProject "Oxwall Messenger" */ = {
			isa = XCConfigurationList;
			buildConfigurations = (
				9C39543E16A34F8200C5C8FD /* Debug */,
				9C39543F16A34F8200C5C8FD /* Release */,
			);
			defaultConfigurationIsVisible = 0;
			defaultConfigurationName = Release;
		};
		9C39544016A34F8200C5C8FD /* Build configuration list for PBXNativeTarget "Oxwall Messenger" */ = {
			isa = XCConfigurationList;
			buildConfigurations = (
				9C39544116A34F8200C5C8FD /* Debug */,
				9C39544216A34F8200C5C8FD /* Release */,
			);
			defaultConfigurationIsVisible = 0;
			defaultConfigurationName = Release;
		};
/* End XCConfigurationList section */
	};
	rootObject = 9C39541016A34F8200C5C8FD /* Project object */;
}
